// !$*UTF8*$!
{
	archiveVersion = 1;
	classes = {
	};
	objectVersion = 56;
	objects = {

/* Begin PBXBuildFile section */
		8528CEC72A391F330018620A /* PlayerModel.swift in Sources */ = {isa = PBXBuildFile; fileRef = 8528CEC62A391F330018620A /* PlayerModel.swift */; };
		8528CEC92A391F580018620A /* NumberCard.swift in Sources */ = {isa = PBXBuildFile; fileRef = 8528CEC82A391F580018620A /* NumberCard.swift */; };
		8528CECB2A391F5F0018620A /* SpecialCard.swift in Sources */ = {isa = PBXBuildFile; fileRef = 8528CECA2A391F5F0018620A /* SpecialCard.swift */; };
		8528CECD2A39212F0018620A /* BidModel.swift in Sources */ = {isa = PBXBuildFile; fileRef = 8528CECC2A39212F0018620A /* BidModel.swift */; };
		8528CECF2A3998B10018620A /* Assets.swift in Sources */ = {isa = PBXBuildFile; fileRef = 8528CECE2A3998B10018620A /* Assets.swift */; };
		8528CED32A3B3F360018620A /* DeckModel.swift in Sources */ = {isa = PBXBuildFile; fileRef = 8528CED22A3B3F360018620A /* DeckModel.swift */; };
		8528CED52A3B3F950018620A /* DeckModelController.swift in Sources */ = {isa = PBXBuildFile; fileRef = 8528CED42A3B3F950018620A /* DeckModelController.swift */; };
		8528CED92A3EF9EF0018620A /* PhaseModel.swift in Sources */ = {isa = PBXBuildFile; fileRef = 8528CED82A3EF9EF0018620A /* PhaseModel.swift */; };
		8528CEE22A402B0C0018620A /* NumberCardView.swift in Sources */ = {isa = PBXBuildFile; fileRef = 8528CEE12A402B0C0018620A /* NumberCardView.swift */; };
		8528CEEC2A4BA2BE0018620A /* SpecialCardView.swift in Sources */ = {isa = PBXBuildFile; fileRef = 8528CEEB2A4BA2BE0018620A /* SpecialCardView.swift */; };
		853C68632B08F4CC00C475BA /* LaunchMainView.swift in Sources */ = {isa = PBXBuildFile; fileRef = 853C68622B08F4CC00C475BA /* LaunchMainView.swift */; };
		853C68652B08FAD000C475BA /* LaunchWorker.swift in Sources */ = {isa = PBXBuildFile; fileRef = 853C68642B08FAD000C475BA /* LaunchWorker.swift */; };
		853C68672B0905F800C475BA /* MainMenuMainView.swift in Sources */ = {isa = PBXBuildFile; fileRef = 853C68662B0905F800C475BA /* MainMenuMainView.swift */; };
		853C68692B0B27E100C475BA /* NewGameMainView.swift in Sources */ = {isa = PBXBuildFile; fileRef = 853C68682B0B27E100C475BA /* NewGameMainView.swift */; };
		853C686B2B0BA7CC00C475BA /* GameMainView.swift in Sources */ = {isa = PBXBuildFile; fileRef = 853C686A2B0BA7CC00C475BA /* GameMainView.swift */; };
		8541F2EB2AAFD29200208757 /* GameOverView.swift in Sources */ = {isa = PBXBuildFile; fileRef = 8541F2EA2AAFD29100208757 /* GameOverView.swift */; };
		85882F2C2A8B65F20092CAB5 /* UIContracts.swift in Sources */ = {isa = PBXBuildFile; fileRef = 85882F2B2A8B65F20092CAB5 /* UIContracts.swift */; };
		85882F2E2A8B6B940092CAB5 /* SceneCoordinator.swift in Sources */ = {isa = PBXBuildFile; fileRef = 85882F2D2A8B6B940092CAB5 /* SceneCoordinator.swift */; };
		85882F342A8B6BEC0092CAB5 /* ModuleContracts.swift in Sources */ = {isa = PBXBuildFile; fileRef = 85882F332A8B6BEC0092CAB5 /* ModuleContracts.swift */; };
		85882F362A8B6E5D0092CAB5 /* SceneRouter.swift in Sources */ = {isa = PBXBuildFile; fileRef = 85882F352A8B6E5D0092CAB5 /* SceneRouter.swift */; };
		85882F382A8B6E7F0092CAB5 /* ModuleManager.swift in Sources */ = {isa = PBXBuildFile; fileRef = 85882F372A8B6E7F0092CAB5 /* ModuleManager.swift */; };
		85882F3A2A8B6E8D0092CAB5 /* ModuleFactory.swift in Sources */ = {isa = PBXBuildFile; fileRef = 85882F392A8B6E8D0092CAB5 /* ModuleFactory.swift */; };
		85882F3C2A8E06AE0092CAB5 /* LaunchBuilder.swift in Sources */ = {isa = PBXBuildFile; fileRef = 85882F3B2A8E06AE0092CAB5 /* LaunchBuilder.swift */; };
		85882F402A8E0B310092CAB5 /* LaunchViewController.swift in Sources */ = {isa = PBXBuildFile; fileRef = 85882F3F2A8E0B310092CAB5 /* LaunchViewController.swift */; };
		85C93FF22AB974CB0034EBA4 /* HighscoresBuilder.swift in Sources */ = {isa = PBXBuildFile; fileRef = 85C93FF12AB974CB0034EBA4 /* HighscoresBuilder.swift */; };
		85C93FF42AB974DE0034EBA4 /* HighscoresViewController.swift in Sources */ = {isa = PBXBuildFile; fileRef = 85C93FF32AB974DE0034EBA4 /* HighscoresViewController.swift */; };
		85C93FF82AB975090034EBA4 /* HighscoresWorker.swift in Sources */ = {isa = PBXBuildFile; fileRef = 85C93FF72AB975090034EBA4 /* HighscoresWorker.swift */; };
		85CA27592A5B4C33003F1CD5 /* Constants.swift in Sources */ = {isa = PBXBuildFile; fileRef = 85CA27582A5B4C33003F1CD5 /* Constants.swift */; };
		85D00EEB2A9E27A40037B2ED /* PlayerSelector.swift in Sources */ = {isa = PBXBuildFile; fileRef = 85D00EEA2A9E27A40037B2ED /* PlayerSelector.swift */; };
		85D00EEF2AA2FF800037B2ED /* GameBuilder.swift in Sources */ = {isa = PBXBuildFile; fileRef = 85D00EEE2AA2FF800037B2ED /* GameBuilder.swift */; };
		85D00EF72AA3D08B0037B2ED /* CardView.swift in Sources */ = {isa = PBXBuildFile; fileRef = 85D00EF62AA3D08B0037B2ED /* CardView.swift */; };
		85D00EF92AA3E2050037B2ED /* HandView.swift in Sources */ = {isa = PBXBuildFile; fileRef = 85D00EF82AA3E2050037B2ED /* HandView.swift */; };
		85D00EFB2AA7EF570037B2ED /* PlayAreaView.swift in Sources */ = {isa = PBXBuildFile; fileRef = 85D00EFA2AA7EF570037B2ED /* PlayAreaView.swift */; };
		85D00EFD2AAD31810037B2ED /* GameAlertView.swift in Sources */ = {isa = PBXBuildFile; fileRef = 85D00EFC2AAD31810037B2ED /* GameAlertView.swift */; };
		85D8C1EA2AAE7C8900697506 /* NewTurnView.swift in Sources */ = {isa = PBXBuildFile; fileRef = 85D8C1E92AAE7C8900697506 /* NewTurnView.swift */; };
		85D8C1EC2AAE7C9300697506 /* NewRoundView.swift in Sources */ = {isa = PBXBuildFile; fileRef = 85D8C1EB2AAE7C9300697506 /* NewRoundView.swift */; };
		85D8C1EF2AAE7CC500697506 /* NewPhaseView.swift in Sources */ = {isa = PBXBuildFile; fileRef = 85D8C1EE2AAE7CC500697506 /* NewPhaseView.swift */; };
		85D8C1F12AAE813B00697506 /* GameNamespace.swift in Sources */ = {isa = PBXBuildFile; fileRef = 85D8C1F02AAE813B00697506 /* GameNamespace.swift */; };
		85D8C1F32AAE85C800697506 /* BackButtonTappedView.swift in Sources */ = {isa = PBXBuildFile; fileRef = 85D8C1F22AAE85C800697506 /* BackButtonTappedView.swift */; };
		85DB785C2A3684FE00D8A2A1 /* GameModel.swift in Sources */ = {isa = PBXBuildFile; fileRef = 85DB785B2A3684FE00D8A2A1 /* GameModel.swift */; };
		85DB785E2A36850B00D8A2A1 /* RoundModel.swift in Sources */ = {isa = PBXBuildFile; fileRef = 85DB785D2A36850B00D8A2A1 /* RoundModel.swift */; };
		85DB78602A36851300D8A2A1 /* TurnModel.swift in Sources */ = {isa = PBXBuildFile; fileRef = 85DB785F2A36851300D8A2A1 /* TurnModel.swift */; };
		85DB78622A36851E00D8A2A1 /* CardModel.swift in Sources */ = {isa = PBXBuildFile; fileRef = 85DB78612A36851E00D8A2A1 /* CardModel.swift */; };
		85DB78682A39071500D8A2A1 /* NewGameViewController.swift in Sources */ = {isa = PBXBuildFile; fileRef = 85DB78672A39071500D8A2A1 /* NewGameViewController.swift */; };
		85DD62D72A33D42D00A6DA51 /* AppDelegate.swift in Sources */ = {isa = PBXBuildFile; fileRef = 85DD62D62A33D42D00A6DA51 /* AppDelegate.swift */; };
		85DD62D92A33D42D00A6DA51 /* SceneDelegate.swift in Sources */ = {isa = PBXBuildFile; fileRef = 85DD62D82A33D42D00A6DA51 /* SceneDelegate.swift */; };
		85DD62DB2A33D42D00A6DA51 /* GameViewController.swift in Sources */ = {isa = PBXBuildFile; fileRef = 85DD62DA2A33D42D00A6DA51 /* GameViewController.swift */; };
		85DD62E02A33D43E00A6DA51 /* Assets.xcassets in Resources */ = {isa = PBXBuildFile; fileRef = 85DD62DF2A33D43E00A6DA51 /* Assets.xcassets */; };
		85DD62E32A33D43E00A6DA51 /* LaunchScreen.storyboard in Resources */ = {isa = PBXBuildFile; fileRef = 85DD62E12A33D43E00A6DA51 /* LaunchScreen.storyboard */; };
		85DD62EE2A33D43F00A6DA51 /* RussianHeartsTests.swift in Sources */ = {isa = PBXBuildFile; fileRef = 85DD62ED2A33D43F00A6DA51 /* RussianHeartsTests.swift */; };
		85DD62F82A33D43F00A6DA51 /* RussianHeartsUITests.swift in Sources */ = {isa = PBXBuildFile; fileRef = 85DD62F72A33D43F00A6DA51 /* RussianHeartsUITests.swift */; };
		85DD62FA2A33D43F00A6DA51 /* RussianHeartsUITestsLaunchTests.swift in Sources */ = {isa = PBXBuildFile; fileRef = 85DD62F92A33D43F00A6DA51 /* RussianHeartsUITestsLaunchTests.swift */; };
		85E1812F2B0C0D1000292733 /* HighscoresMainView.swift in Sources */ = {isa = PBXBuildFile; fileRef = 85E1812E2B0C0D1000292733 /* HighscoresMainView.swift */; };
		85E181312B0CC89C00292733 /* RulesBuilder.swift in Sources */ = {isa = PBXBuildFile; fileRef = 85E181302B0CC89C00292733 /* RulesBuilder.swift */; };
		85E181332B0CC8A800292733 /* RulesViewController.swift in Sources */ = {isa = PBXBuildFile; fileRef = 85E181322B0CC8A800292733 /* RulesViewController.swift */; };
		85E181352B0CC8B000292733 /* RulesWorker.swift in Sources */ = {isa = PBXBuildFile; fileRef = 85E181342B0CC8B000292733 /* RulesWorker.swift */; };
		85E181382B0CC8C800292733 /* RulesMainView.swift in Sources */ = {isa = PBXBuildFile; fileRef = 85E181372B0CC8C800292733 /* RulesMainView.swift */; };
		85E1813A2B0CCBA300292733 /* FriendsBuilder.swift in Sources */ = {isa = PBXBuildFile; fileRef = 85E181392B0CCBA300292733 /* FriendsBuilder.swift */; };
		85E1813C2B0CCBAE00292733 /* FriendsViewController.swift in Sources */ = {isa = PBXBuildFile; fileRef = 85E1813B2B0CCBAE00292733 /* FriendsViewController.swift */; };
		85E1813E2B0CCBBB00292733 /* FriendsWorker.swift in Sources */ = {isa = PBXBuildFile; fileRef = 85E1813D2B0CCBBB00292733 /* FriendsWorker.swift */; };
		85E181412B0CCBCE00292733 /* FriendsMainView.swift in Sources */ = {isa = PBXBuildFile; fileRef = 85E181402B0CCBCE00292733 /* FriendsMainView.swift */; };
		85E181442B0D6F9800292733 /* SettingsMainView.swift in Sources */ = {isa = PBXBuildFile; fileRef = 85E181432B0D6F9800292733 /* SettingsMainView.swift */; };
		85E181462B0D6FA200292733 /* SettingsBuilder.swift in Sources */ = {isa = PBXBuildFile; fileRef = 85E181452B0D6FA200292733 /* SettingsBuilder.swift */; };
		85E181482B0D6FAE00292733 /* SettingsViewController.swift in Sources */ = {isa = PBXBuildFile; fileRef = 85E181472B0D6FAE00292733 /* SettingsViewController.swift */; };
		85E1814A2B0D6FB700292733 /* SettingsWorker.swift in Sources */ = {isa = PBXBuildFile; fileRef = 85E181492B0D6FB700292733 /* SettingsWorker.swift */; };
		85E1814C2B0DC23200292733 /* PlayerInfoView.swift in Sources */ = {isa = PBXBuildFile; fileRef = 85E1814B2B0DC23200292733 /* PlayerInfoView.swift */; };
		85E24B3C2A8F8AC200157E70 /* ServiceManager.swift in Sources */ = {isa = PBXBuildFile; fileRef = 85E24B3B2A8F8AC200157E70 /* ServiceManager.swift */; };
		85E24B3E2A8F8ACD00157E70 /* ServiceFactory.swift in Sources */ = {isa = PBXBuildFile; fileRef = 85E24B3D2A8F8ACD00157E70 /* ServiceFactory.swift */; };
		85E24B422A8F8B2200157E70 /* EntitiyManager.swift in Sources */ = {isa = PBXBuildFile; fileRef = 85E24B412A8F8B2200157E70 /* EntitiyManager.swift */; };
		85E24B442A8F8B3100157E70 /* EntityAccessor.swift in Sources */ = {isa = PBXBuildFile; fileRef = 85E24B432A8F8B3100157E70 /* EntityAccessor.swift */; };
		85E24B462A8F8B3D00157E70 /* EntityContracts.swift in Sources */ = {isa = PBXBuildFile; fileRef = 85E24B452A8F8B3D00157E70 /* EntityContracts.swift */; };
		85E24B482A8F8B4A00157E70 /* ServiceContracts.swift in Sources */ = {isa = PBXBuildFile; fileRef = 85E24B472A8F8B4A00157E70 /* ServiceContracts.swift */; };
		85E24B582A955D3700157E70 /* SceneNamespace.swift in Sources */ = {isa = PBXBuildFile; fileRef = 85E24B572A955D3700157E70 /* SceneNamespace.swift */; };
		85E24B5C2A97A4F800157E70 /* EntityNamespace.swift in Sources */ = {isa = PBXBuildFile; fileRef = 85E24B5B2A97A4F800157E70 /* EntityNamespace.swift */; };
		85E24B5E2A97A60B00157E70 /* GameEntity.swift in Sources */ = {isa = PBXBuildFile; fileRef = 85E24B5D2A97A60B00157E70 /* GameEntity.swift */; };
		85E24B632A97A7AE00157E70 /* MainMenuBuilder.swift in Sources */ = {isa = PBXBuildFile; fileRef = 85E24B622A97A7AE00157E70 /* MainMenuBuilder.swift */; };
		85E24B652A97A7BD00157E70 /* MainMenuViewController.swift in Sources */ = {isa = PBXBuildFile; fileRef = 85E24B642A97A7BD00157E70 /* MainMenuViewController.swift */; };
		85E24B692A97A7D500157E70 /* MainMenuWorker.swift in Sources */ = {isa = PBXBuildFile; fileRef = 85E24B682A97A7D500157E70 /* MainMenuWorker.swift */; };
		85E24B6D2A9B7B8200157E70 /* GameService.swift in Sources */ = {isa = PBXBuildFile; fileRef = 85E24B6C2A9B7B8200157E70 /* GameService.swift */; };
		85E24B712A9C078500157E70 /* NewGameBuilder.swift in Sources */ = {isa = PBXBuildFile; fileRef = 85E24B702A9C078500157E70 /* NewGameBuilder.swift */; };
		85E24B752A9C079B00157E70 /* NewGameWorker.swift in Sources */ = {isa = PBXBuildFile; fileRef = 85E24B742A9C079B00157E70 /* NewGameWorker.swift */; };
/* End PBXBuildFile section */

/* Begin PBXContainerItemProxy section */
		85DD62EA2A33D43F00A6DA51 /* PBXContainerItemProxy */ = {
			isa = PBXContainerItemProxy;
			containerPortal = 85DD62CB2A33D42C00A6DA51 /* Project object */;
			proxyType = 1;
			remoteGlobalIDString = 85DD62D22A33D42D00A6DA51;
			remoteInfo = RussianHearts;
		};
		85DD62F42A33D43F00A6DA51 /* PBXContainerItemProxy */ = {
			isa = PBXContainerItemProxy;
			containerPortal = 85DD62CB2A33D42C00A6DA51 /* Project object */;
			proxyType = 1;
			remoteGlobalIDString = 85DD62D22A33D42D00A6DA51;
			remoteInfo = RussianHearts;
		};
/* End PBXContainerItemProxy section */

/* Begin PBXFileReference section */
		8528CEC62A391F330018620A /* PlayerModel.swift */ = {isa = PBXFileReference; lastKnownFileType = sourcecode.swift; path = PlayerModel.swift; sourceTree = "<group>"; };
		8528CEC82A391F580018620A /* NumberCard.swift */ = {isa = PBXFileReference; lastKnownFileType = sourcecode.swift; path = NumberCard.swift; sourceTree = "<group>"; };
		8528CECA2A391F5F0018620A /* SpecialCard.swift */ = {isa = PBXFileReference; lastKnownFileType = sourcecode.swift; path = SpecialCard.swift; sourceTree = "<group>"; };
		8528CECC2A39212F0018620A /* BidModel.swift */ = {isa = PBXFileReference; lastKnownFileType = sourcecode.swift; path = BidModel.swift; sourceTree = "<group>"; };
		8528CECE2A3998B10018620A /* Assets.swift */ = {isa = PBXFileReference; lastKnownFileType = sourcecode.swift; path = Assets.swift; sourceTree = "<group>"; };
		8528CED22A3B3F360018620A /* DeckModel.swift */ = {isa = PBXFileReference; lastKnownFileType = sourcecode.swift; path = DeckModel.swift; sourceTree = "<group>"; };
		8528CED42A3B3F950018620A /* DeckModelController.swift */ = {isa = PBXFileReference; lastKnownFileType = sourcecode.swift; path = DeckModelController.swift; sourceTree = "<group>"; };
		8528CED82A3EF9EF0018620A /* PhaseModel.swift */ = {isa = PBXFileReference; lastKnownFileType = sourcecode.swift; path = PhaseModel.swift; sourceTree = "<group>"; };
		8528CEE12A402B0C0018620A /* NumberCardView.swift */ = {isa = PBXFileReference; lastKnownFileType = sourcecode.swift; path = NumberCardView.swift; sourceTree = "<group>"; };
		8528CEEB2A4BA2BE0018620A /* SpecialCardView.swift */ = {isa = PBXFileReference; fileEncoding = 4; lastKnownFileType = sourcecode.swift; path = SpecialCardView.swift; sourceTree = "<group>"; };
		853C68622B08F4CC00C475BA /* LaunchMainView.swift */ = {isa = PBXFileReference; lastKnownFileType = sourcecode.swift; path = LaunchMainView.swift; sourceTree = "<group>"; };
		853C68642B08FAD000C475BA /* LaunchWorker.swift */ = {isa = PBXFileReference; lastKnownFileType = sourcecode.swift; path = LaunchWorker.swift; sourceTree = "<group>"; };
		853C68662B0905F800C475BA /* MainMenuMainView.swift */ = {isa = PBXFileReference; lastKnownFileType = sourcecode.swift; path = MainMenuMainView.swift; sourceTree = "<group>"; };
		853C68682B0B27E100C475BA /* NewGameMainView.swift */ = {isa = PBXFileReference; lastKnownFileType = sourcecode.swift; path = NewGameMainView.swift; sourceTree = "<group>"; };
		853C686A2B0BA7CC00C475BA /* GameMainView.swift */ = {isa = PBXFileReference; lastKnownFileType = sourcecode.swift; path = GameMainView.swift; sourceTree = "<group>"; };
		8541F2EA2AAFD29100208757 /* GameOverView.swift */ = {isa = PBXFileReference; lastKnownFileType = sourcecode.swift; path = GameOverView.swift; sourceTree = "<group>"; };
		85882F2B2A8B65F20092CAB5 /* UIContracts.swift */ = {isa = PBXFileReference; lastKnownFileType = sourcecode.swift; path = UIContracts.swift; sourceTree = "<group>"; };
		85882F2D2A8B6B940092CAB5 /* SceneCoordinator.swift */ = {isa = PBXFileReference; lastKnownFileType = sourcecode.swift; path = SceneCoordinator.swift; sourceTree = "<group>"; };
		85882F332A8B6BEC0092CAB5 /* ModuleContracts.swift */ = {isa = PBXFileReference; lastKnownFileType = sourcecode.swift; path = ModuleContracts.swift; sourceTree = "<group>"; };
		85882F352A8B6E5D0092CAB5 /* SceneRouter.swift */ = {isa = PBXFileReference; lastKnownFileType = sourcecode.swift; path = SceneRouter.swift; sourceTree = "<group>"; };
		85882F372A8B6E7F0092CAB5 /* ModuleManager.swift */ = {isa = PBXFileReference; lastKnownFileType = sourcecode.swift; path = ModuleManager.swift; sourceTree = "<group>"; };
		85882F392A8B6E8D0092CAB5 /* ModuleFactory.swift */ = {isa = PBXFileReference; lastKnownFileType = sourcecode.swift; path = ModuleFactory.swift; sourceTree = "<group>"; };
		85882F3B2A8E06AE0092CAB5 /* LaunchBuilder.swift */ = {isa = PBXFileReference; lastKnownFileType = sourcecode.swift; path = LaunchBuilder.swift; sourceTree = "<group>"; };
		85882F3F2A8E0B310092CAB5 /* LaunchViewController.swift */ = {isa = PBXFileReference; lastKnownFileType = sourcecode.swift; path = LaunchViewController.swift; sourceTree = "<group>"; };
		85C93FF12AB974CB0034EBA4 /* HighscoresBuilder.swift */ = {isa = PBXFileReference; lastKnownFileType = sourcecode.swift; path = HighscoresBuilder.swift; sourceTree = "<group>"; };
		85C93FF32AB974DE0034EBA4 /* HighscoresViewController.swift */ = {isa = PBXFileReference; lastKnownFileType = sourcecode.swift; path = HighscoresViewController.swift; sourceTree = "<group>"; };
		85C93FF72AB975090034EBA4 /* HighscoresWorker.swift */ = {isa = PBXFileReference; lastKnownFileType = sourcecode.swift; path = HighscoresWorker.swift; sourceTree = "<group>"; };
		85CA27582A5B4C33003F1CD5 /* Constants.swift */ = {isa = PBXFileReference; lastKnownFileType = sourcecode.swift; path = Constants.swift; sourceTree = "<group>"; };
		85D00EEA2A9E27A40037B2ED /* PlayerSelector.swift */ = {isa = PBXFileReference; lastKnownFileType = sourcecode.swift; path = PlayerSelector.swift; sourceTree = "<group>"; };
		85D00EEE2AA2FF800037B2ED /* GameBuilder.swift */ = {isa = PBXFileReference; lastKnownFileType = sourcecode.swift; path = GameBuilder.swift; sourceTree = "<group>"; };
		85D00EF62AA3D08B0037B2ED /* CardView.swift */ = {isa = PBXFileReference; lastKnownFileType = sourcecode.swift; path = CardView.swift; sourceTree = "<group>"; };
		85D00EF82AA3E2050037B2ED /* HandView.swift */ = {isa = PBXFileReference; lastKnownFileType = sourcecode.swift; path = HandView.swift; sourceTree = "<group>"; };
		85D00EFA2AA7EF570037B2ED /* PlayAreaView.swift */ = {isa = PBXFileReference; lastKnownFileType = sourcecode.swift; path = PlayAreaView.swift; sourceTree = "<group>"; };
		85D00EFC2AAD31810037B2ED /* GameAlertView.swift */ = {isa = PBXFileReference; lastKnownFileType = sourcecode.swift; path = GameAlertView.swift; sourceTree = "<group>"; };
		85D8C1E92AAE7C8900697506 /* NewTurnView.swift */ = {isa = PBXFileReference; lastKnownFileType = sourcecode.swift; path = NewTurnView.swift; sourceTree = "<group>"; };
		85D8C1EB2AAE7C9300697506 /* NewRoundView.swift */ = {isa = PBXFileReference; lastKnownFileType = sourcecode.swift; path = NewRoundView.swift; sourceTree = "<group>"; };
		85D8C1EE2AAE7CC500697506 /* NewPhaseView.swift */ = {isa = PBXFileReference; lastKnownFileType = sourcecode.swift; path = NewPhaseView.swift; sourceTree = "<group>"; };
		85D8C1F02AAE813B00697506 /* GameNamespace.swift */ = {isa = PBXFileReference; lastKnownFileType = sourcecode.swift; path = GameNamespace.swift; sourceTree = "<group>"; };
		85D8C1F22AAE85C800697506 /* BackButtonTappedView.swift */ = {isa = PBXFileReference; lastKnownFileType = sourcecode.swift; path = BackButtonTappedView.swift; sourceTree = "<group>"; };
		85DB785B2A3684FE00D8A2A1 /* GameModel.swift */ = {isa = PBXFileReference; lastKnownFileType = sourcecode.swift; path = GameModel.swift; sourceTree = "<group>"; };
		85DB785D2A36850B00D8A2A1 /* RoundModel.swift */ = {isa = PBXFileReference; lastKnownFileType = sourcecode.swift; path = RoundModel.swift; sourceTree = "<group>"; };
		85DB785F2A36851300D8A2A1 /* TurnModel.swift */ = {isa = PBXFileReference; lastKnownFileType = sourcecode.swift; path = TurnModel.swift; sourceTree = "<group>"; };
		85DB78612A36851E00D8A2A1 /* CardModel.swift */ = {isa = PBXFileReference; lastKnownFileType = sourcecode.swift; path = CardModel.swift; sourceTree = "<group>"; };
		85DB78672A39071500D8A2A1 /* NewGameViewController.swift */ = {isa = PBXFileReference; lastKnownFileType = sourcecode.swift; path = NewGameViewController.swift; sourceTree = "<group>"; };
		85DD62D32A33D42D00A6DA51 /* RussianHearts.app */ = {isa = PBXFileReference; explicitFileType = wrapper.application; includeInIndex = 0; path = RussianHearts.app; sourceTree = BUILT_PRODUCTS_DIR; };
		85DD62D62A33D42D00A6DA51 /* AppDelegate.swift */ = {isa = PBXFileReference; lastKnownFileType = sourcecode.swift; path = AppDelegate.swift; sourceTree = "<group>"; };
		85DD62D82A33D42D00A6DA51 /* SceneDelegate.swift */ = {isa = PBXFileReference; lastKnownFileType = sourcecode.swift; path = SceneDelegate.swift; sourceTree = "<group>"; };
		85DD62DA2A33D42D00A6DA51 /* GameViewController.swift */ = {isa = PBXFileReference; lastKnownFileType = sourcecode.swift; path = GameViewController.swift; sourceTree = "<group>"; };
		85DD62DF2A33D43E00A6DA51 /* Assets.xcassets */ = {isa = PBXFileReference; lastKnownFileType = folder.assetcatalog; path = Assets.xcassets; sourceTree = "<group>"; };
		85DD62E22A33D43E00A6DA51 /* Base */ = {isa = PBXFileReference; lastKnownFileType = file.storyboard; name = Base; path = Base.lproj/LaunchScreen.storyboard; sourceTree = "<group>"; };
		85DD62E42A33D43E00A6DA51 /* Info.plist */ = {isa = PBXFileReference; lastKnownFileType = text.plist.xml; path = Info.plist; sourceTree = "<group>"; };
		85DD62E92A33D43F00A6DA51 /* RussianHeartsTests.xctest */ = {isa = PBXFileReference; explicitFileType = wrapper.cfbundle; includeInIndex = 0; path = RussianHeartsTests.xctest; sourceTree = BUILT_PRODUCTS_DIR; };
		85DD62ED2A33D43F00A6DA51 /* RussianHeartsTests.swift */ = {isa = PBXFileReference; lastKnownFileType = sourcecode.swift; path = RussianHeartsTests.swift; sourceTree = "<group>"; };
		85DD62F32A33D43F00A6DA51 /* RussianHeartsUITests.xctest */ = {isa = PBXFileReference; explicitFileType = wrapper.cfbundle; includeInIndex = 0; path = RussianHeartsUITests.xctest; sourceTree = BUILT_PRODUCTS_DIR; };
		85DD62F72A33D43F00A6DA51 /* RussianHeartsUITests.swift */ = {isa = PBXFileReference; lastKnownFileType = sourcecode.swift; path = RussianHeartsUITests.swift; sourceTree = "<group>"; };
		85DD62F92A33D43F00A6DA51 /* RussianHeartsUITestsLaunchTests.swift */ = {isa = PBXFileReference; lastKnownFileType = sourcecode.swift; path = RussianHeartsUITestsLaunchTests.swift; sourceTree = "<group>"; };
		85E1812E2B0C0D1000292733 /* HighscoresMainView.swift */ = {isa = PBXFileReference; lastKnownFileType = sourcecode.swift; path = HighscoresMainView.swift; sourceTree = "<group>"; };
		85E181302B0CC89C00292733 /* RulesBuilder.swift */ = {isa = PBXFileReference; lastKnownFileType = sourcecode.swift; path = RulesBuilder.swift; sourceTree = "<group>"; };
		85E181322B0CC8A800292733 /* RulesViewController.swift */ = {isa = PBXFileReference; lastKnownFileType = sourcecode.swift; path = RulesViewController.swift; sourceTree = "<group>"; };
		85E181342B0CC8B000292733 /* RulesWorker.swift */ = {isa = PBXFileReference; lastKnownFileType = sourcecode.swift; path = RulesWorker.swift; sourceTree = "<group>"; };
		85E181372B0CC8C800292733 /* RulesMainView.swift */ = {isa = PBXFileReference; lastKnownFileType = sourcecode.swift; path = RulesMainView.swift; sourceTree = "<group>"; };
		85E181392B0CCBA300292733 /* FriendsBuilder.swift */ = {isa = PBXFileReference; lastKnownFileType = sourcecode.swift; path = FriendsBuilder.swift; sourceTree = "<group>"; };
		85E1813B2B0CCBAE00292733 /* FriendsViewController.swift */ = {isa = PBXFileReference; lastKnownFileType = sourcecode.swift; path = FriendsViewController.swift; sourceTree = "<group>"; };
		85E1813D2B0CCBBB00292733 /* FriendsWorker.swift */ = {isa = PBXFileReference; lastKnownFileType = sourcecode.swift; path = FriendsWorker.swift; sourceTree = "<group>"; };
		85E181402B0CCBCE00292733 /* FriendsMainView.swift */ = {isa = PBXFileReference; lastKnownFileType = sourcecode.swift; path = FriendsMainView.swift; sourceTree = "<group>"; };
		85E181432B0D6F9800292733 /* SettingsMainView.swift */ = {isa = PBXFileReference; lastKnownFileType = sourcecode.swift; path = SettingsMainView.swift; sourceTree = "<group>"; };
		85E181452B0D6FA200292733 /* SettingsBuilder.swift */ = {isa = PBXFileReference; lastKnownFileType = sourcecode.swift; path = SettingsBuilder.swift; sourceTree = "<group>"; };
		85E181472B0D6FAE00292733 /* SettingsViewController.swift */ = {isa = PBXFileReference; lastKnownFileType = sourcecode.swift; path = SettingsViewController.swift; sourceTree = "<group>"; };
		85E181492B0D6FB700292733 /* SettingsWorker.swift */ = {isa = PBXFileReference; lastKnownFileType = sourcecode.swift; path = SettingsWorker.swift; sourceTree = "<group>"; };
		85E1814B2B0DC23200292733 /* PlayerInfoView.swift */ = {isa = PBXFileReference; lastKnownFileType = sourcecode.swift; path = PlayerInfoView.swift; sourceTree = "<group>"; };
		85E24B3B2A8F8AC200157E70 /* ServiceManager.swift */ = {isa = PBXFileReference; lastKnownFileType = sourcecode.swift; path = ServiceManager.swift; sourceTree = "<group>"; };
		85E24B3D2A8F8ACD00157E70 /* ServiceFactory.swift */ = {isa = PBXFileReference; lastKnownFileType = sourcecode.swift; path = ServiceFactory.swift; sourceTree = "<group>"; };
		85E24B412A8F8B2200157E70 /* EntitiyManager.swift */ = {isa = PBXFileReference; lastKnownFileType = sourcecode.swift; path = EntitiyManager.swift; sourceTree = "<group>"; };
		85E24B432A8F8B3100157E70 /* EntityAccessor.swift */ = {isa = PBXFileReference; lastKnownFileType = sourcecode.swift; path = EntityAccessor.swift; sourceTree = "<group>"; };
		85E24B452A8F8B3D00157E70 /* EntityContracts.swift */ = {isa = PBXFileReference; lastKnownFileType = sourcecode.swift; path = EntityContracts.swift; sourceTree = "<group>"; };
		85E24B472A8F8B4A00157E70 /* ServiceContracts.swift */ = {isa = PBXFileReference; lastKnownFileType = sourcecode.swift; path = ServiceContracts.swift; sourceTree = "<group>"; };
		85E24B572A955D3700157E70 /* SceneNamespace.swift */ = {isa = PBXFileReference; lastKnownFileType = sourcecode.swift; path = SceneNamespace.swift; sourceTree = "<group>"; };
		85E24B5B2A97A4F800157E70 /* EntityNamespace.swift */ = {isa = PBXFileReference; lastKnownFileType = sourcecode.swift; path = EntityNamespace.swift; sourceTree = "<group>"; };
		85E24B5D2A97A60B00157E70 /* GameEntity.swift */ = {isa = PBXFileReference; lastKnownFileType = sourcecode.swift; path = GameEntity.swift; sourceTree = "<group>"; };
		85E24B622A97A7AE00157E70 /* MainMenuBuilder.swift */ = {isa = PBXFileReference; lastKnownFileType = sourcecode.swift; path = MainMenuBuilder.swift; sourceTree = "<group>"; };
		85E24B642A97A7BD00157E70 /* MainMenuViewController.swift */ = {isa = PBXFileReference; lastKnownFileType = sourcecode.swift; path = MainMenuViewController.swift; sourceTree = "<group>"; };
		85E24B682A97A7D500157E70 /* MainMenuWorker.swift */ = {isa = PBXFileReference; lastKnownFileType = sourcecode.swift; path = MainMenuWorker.swift; sourceTree = "<group>"; };
		85E24B6C2A9B7B8200157E70 /* GameService.swift */ = {isa = PBXFileReference; lastKnownFileType = sourcecode.swift; path = GameService.swift; sourceTree = "<group>"; };
		85E24B702A9C078500157E70 /* NewGameBuilder.swift */ = {isa = PBXFileReference; lastKnownFileType = sourcecode.swift; path = NewGameBuilder.swift; sourceTree = "<group>"; };
		85E24B742A9C079B00157E70 /* NewGameWorker.swift */ = {isa = PBXFileReference; lastKnownFileType = sourcecode.swift; path = NewGameWorker.swift; sourceTree = "<group>"; };
/* End PBXFileReference section */

/* Begin PBXFrameworksBuildPhase section */
		85DD62D02A33D42D00A6DA51 /* Frameworks */ = {
			isa = PBXFrameworksBuildPhase;
			buildActionMask = 2147483647;
			files = (
			);
			runOnlyForDeploymentPostprocessing = 0;
		};
		85DD62E62A33D43F00A6DA51 /* Frameworks */ = {
			isa = PBXFrameworksBuildPhase;
			buildActionMask = 2147483647;
			files = (
			);
			runOnlyForDeploymentPostprocessing = 0;
		};
		85DD62F02A33D43F00A6DA51 /* Frameworks */ = {
			isa = PBXFrameworksBuildPhase;
			buildActionMask = 2147483647;
			files = (
			);
			runOnlyForDeploymentPostprocessing = 0;
		};
/* End PBXFrameworksBuildPhase section */

/* Begin PBXGroup section */
		853C68602B08F49600C475BA /* Views */ = {
			isa = PBXGroup;
			children = (
				853C68622B08F4CC00C475BA /* LaunchMainView.swift */,
			);
			path = Views;
			sourceTree = "<group>";
		};
		853C68612B08F49D00C475BA /* Views */ = {
			isa = PBXGroup;
			children = (
				853C68662B0905F800C475BA /* MainMenuMainView.swift */,
			);
			path = Views;
			sourceTree = "<group>";
		};
		85D00EE92A9E27820037B2ED /* Views */ = {
			isa = PBXGroup;
			children = (
				85D00EEA2A9E27A40037B2ED /* PlayerSelector.swift */,
				853C68682B0B27E100C475BA /* NewGameMainView.swift */,
			);
			path = Views;
			sourceTree = "<group>";
		};
		85DD62CA2A33D42C00A6DA51 = {
			isa = PBXGroup;
			children = (
				85DD62D52A33D42D00A6DA51 /* RussianHearts */,
				85DD62EC2A33D43F00A6DA51 /* RussianHeartsTests */,
				85DD62F62A33D43F00A6DA51 /* RussianHeartsUITests */,
				85DD62D42A33D42D00A6DA51 /* Products */,
			);
			sourceTree = "<group>";
		};
		85DD62D42A33D42D00A6DA51 /* Products */ = {
			isa = PBXGroup;
			children = (
				85DD62D32A33D42D00A6DA51 /* RussianHearts.app */,
				85DD62E92A33D43F00A6DA51 /* RussianHeartsTests.xctest */,
				85DD62F32A33D43F00A6DA51 /* RussianHeartsUITests.xctest */,
			);
			name = Products;
			sourceTree = "<group>";
		};
		85DD62D52A33D42D00A6DA51 /* RussianHearts */ = {
			isa = PBXGroup;
			children = (
				85E24B352A8F879600157E70 /* Resources */,
				85E24B362A8F87C200157E70 /* Core */,
				85E24B382A8F884000157E70 /* UI */,
			);
			path = RussianHearts;
			sourceTree = "<group>";
		};
		85DD62EC2A33D43F00A6DA51 /* RussianHeartsTests */ = {
			isa = PBXGroup;
			children = (
				85DD62ED2A33D43F00A6DA51 /* RussianHeartsTests.swift */,
			);
			path = RussianHeartsTests;
			sourceTree = "<group>";
		};
		85DD62F62A33D43F00A6DA51 /* RussianHeartsUITests */ = {
			isa = PBXGroup;
			children = (
				85DD62F72A33D43F00A6DA51 /* RussianHeartsUITests.swift */,
				85DD62F92A33D43F00A6DA51 /* RussianHeartsUITestsLaunchTests.swift */,
			);
			path = RussianHeartsUITests;
			sourceTree = "<group>";
		};
		85E1812D2B0C0D0100292733 /* Views */ = {
			isa = PBXGroup;
			children = (
				85E1812E2B0C0D1000292733 /* HighscoresMainView.swift */,
			);
			path = Views;
			sourceTree = "<group>";
		};
		85E181362B0CC8BA00292733 /* Views */ = {
			isa = PBXGroup;
			children = (
				85E181372B0CC8C800292733 /* RulesMainView.swift */,
			);
			path = Views;
			sourceTree = "<group>";
		};
		85E1813F2B0CCBC000292733 /* Views */ = {
			isa = PBXGroup;
			children = (
				85E181402B0CCBCE00292733 /* FriendsMainView.swift */,
			);
			path = Views;
			sourceTree = "<group>";
		};
		85E181422B0D6F8C00292733 /* Views */ = {
			isa = PBXGroup;
			children = (
				85E181432B0D6F9800292733 /* SettingsMainView.swift */,
			);
			path = Views;
			sourceTree = "<group>";
		};
		85E24B352A8F879600157E70 /* Resources */ = {
			isa = PBXGroup;
			children = (
				8528CECE2A3998B10018620A /* Assets.swift */,
				85CA27582A5B4C33003F1CD5 /* Constants.swift */,
				85DD62DF2A33D43E00A6DA51 /* Assets.xcassets */,
				85DD62E42A33D43E00A6DA51 /* Info.plist */,
				85DD62E12A33D43E00A6DA51 /* LaunchScreen.storyboard */,
			);
			path = Resources;
			sourceTree = "<group>";
		};
		85E24B362A8F87C200157E70 /* Core */ = {
			isa = PBXGroup;
			children = (
				85DD62D62A33D42D00A6DA51 /* AppDelegate.swift */,
				85E24B402A8F8B0900157E70 /* Entities */,
				85E24B3F2A8F8AF400157E70 /* Services */,
			);
			path = Core;
			sourceTree = "<group>";
		};
		85E24B382A8F884000157E70 /* UI */ = {
			isa = PBXGroup;
			children = (
				85DD62D82A33D42D00A6DA51 /* SceneDelegate.swift */,
				85882F2B2A8B65F20092CAB5 /* UIContracts.swift */,
				85882F2D2A8B6B940092CAB5 /* SceneCoordinator.swift */,
				85882F352A8B6E5D0092CAB5 /* SceneRouter.swift */,
				85E24B572A955D3700157E70 /* SceneNamespace.swift */,
				85E24B392A8F891100157E70 /* Modules */,
			);
			path = UI;
			sourceTree = "<group>";
		};
		85E24B392A8F891100157E70 /* Modules */ = {
			isa = PBXGroup;
			children = (
				85882F332A8B6BEC0092CAB5 /* ModuleContracts.swift */,
				85882F372A8B6E7F0092CAB5 /* ModuleManager.swift */,
				85882F392A8B6E8D0092CAB5 /* ModuleFactory.swift */,
				85E24B3A2A8F894600157E70 /* Launch */,
				85E24B4C2A8F8E8500157E70 /* MainMenu */,
				85E24B4D2A8F8EA200157E70 /* NewGame */,
				85E24B4E2A8F8EB700157E70 /* Game */,
				85E24B4F2A8F8EC100157E70 /* Highscores */,
				85E24B782A9D357500157E70 /* Rules */,
				85E24B502A8F8ECC00157E70 /* Friends */,
				85E24B792A9D35E300157E70 /* Settings */,
			);
			path = Modules;
			sourceTree = "<group>";
		};
		85E24B3A2A8F894600157E70 /* Launch */ = {
			isa = PBXGroup;
			children = (
				853C68602B08F49600C475BA /* Views */,
				85882F3B2A8E06AE0092CAB5 /* LaunchBuilder.swift */,
				85882F3F2A8E0B310092CAB5 /* LaunchViewController.swift */,
				853C68642B08FAD000C475BA /* LaunchWorker.swift */,
			);
			path = Launch;
			sourceTree = "<group>";
		};
		85E24B3F2A8F8AF400157E70 /* Services */ = {
			isa = PBXGroup;
			children = (
				85E24B472A8F8B4A00157E70 /* ServiceContracts.swift */,
				85E24B3B2A8F8AC200157E70 /* ServiceManager.swift */,
				85E24B3D2A8F8ACD00157E70 /* ServiceFactory.swift */,
				85E24B492A8F8B6E00157E70 /* GameService */,
			);
			path = Services;
			sourceTree = "<group>";
		};
		85E24B402A8F8B0900157E70 /* Entities */ = {
			isa = PBXGroup;
			children = (
				85E24B5B2A97A4F800157E70 /* EntityNamespace.swift */,
				85E24B452A8F8B3D00157E70 /* EntityContracts.swift */,
				85E24B412A8F8B2200157E70 /* EntitiyManager.swift */,
				85E24B432A8F8B3100157E70 /* EntityAccessor.swift */,
			);
			path = Entities;
			sourceTree = "<group>";
		};
		85E24B492A8F8B6E00157E70 /* GameService */ = {
			isa = PBXGroup;
			children = (
				85E24B4A2A8F8DFA00157E70 /* Models */,
				8528CED42A3B3F950018620A /* DeckModelController.swift */,
				85E24B5D2A97A60B00157E70 /* GameEntity.swift */,
				85E24B6C2A9B7B8200157E70 /* GameService.swift */,
			);
			path = GameService;
			sourceTree = "<group>";
		};
		85E24B4A2A8F8DFA00157E70 /* Models */ = {
			isa = PBXGroup;
			children = (
				85DB785B2A3684FE00D8A2A1 /* GameModel.swift */,
				85DB785D2A36850B00D8A2A1 /* RoundModel.swift */,
				8528CED82A3EF9EF0018620A /* PhaseModel.swift */,
				85DB785F2A36851300D8A2A1 /* TurnModel.swift */,
				8528CEC62A391F330018620A /* PlayerModel.swift */,
				85DB78612A36851E00D8A2A1 /* CardModel.swift */,
				8528CEC82A391F580018620A /* NumberCard.swift */,
				8528CECA2A391F5F0018620A /* SpecialCard.swift */,
				8528CECC2A39212F0018620A /* BidModel.swift */,
				8528CED22A3B3F360018620A /* DeckModel.swift */,
			);
			path = Models;
			sourceTree = "<group>";
		};
		85E24B4C2A8F8E8500157E70 /* MainMenu */ = {
			isa = PBXGroup;
			children = (
				853C68612B08F49D00C475BA /* Views */,
				85E24B622A97A7AE00157E70 /* MainMenuBuilder.swift */,
				85E24B642A97A7BD00157E70 /* MainMenuViewController.swift */,
				85E24B682A97A7D500157E70 /* MainMenuWorker.swift */,
			);
			path = MainMenu;
			sourceTree = "<group>";
		};
		85E24B4D2A8F8EA200157E70 /* NewGame */ = {
			isa = PBXGroup;
			children = (
				85D00EE92A9E27820037B2ED /* Views */,
				85E24B702A9C078500157E70 /* NewGameBuilder.swift */,
				85DB78672A39071500D8A2A1 /* NewGameViewController.swift */,
				85E24B742A9C079B00157E70 /* NewGameWorker.swift */,
			);
			path = NewGame;
			sourceTree = "<group>";
		};
		85E24B4E2A8F8EB700157E70 /* Game */ = {
			isa = PBXGroup;
			children = (
				85E24B512A8F8EF700157E70 /* Views */,
				85D8C1F02AAE813B00697506 /* GameNamespace.swift */,
				85D00EEE2AA2FF800037B2ED /* GameBuilder.swift */,
				85DD62DA2A33D42D00A6DA51 /* GameViewController.swift */,
			);
			path = Game;
			sourceTree = "<group>";
		};
		85E24B4F2A8F8EC100157E70 /* Highscores */ = {
			isa = PBXGroup;
			children = (
				85E1812D2B0C0D0100292733 /* Views */,
				85C93FF12AB974CB0034EBA4 /* HighscoresBuilder.swift */,
				85C93FF32AB974DE0034EBA4 /* HighscoresViewController.swift */,
				85C93FF72AB975090034EBA4 /* HighscoresWorker.swift */,
			);
			path = Highscores;
			sourceTree = "<group>";
		};
		85E24B502A8F8ECC00157E70 /* Friends */ = {
			isa = PBXGroup;
			children = (
				85E1813F2B0CCBC000292733 /* Views */,
				85E181392B0CCBA300292733 /* FriendsBuilder.swift */,
				85E1813B2B0CCBAE00292733 /* FriendsViewController.swift */,
				85E1813D2B0CCBBB00292733 /* FriendsWorker.swift */,
			);
			path = Friends;
			sourceTree = "<group>";
		};
		85E24B512A8F8EF700157E70 /* Views */ = {
			isa = PBXGroup;
			children = (
				85D00EF62AA3D08B0037B2ED /* CardView.swift */,
				8528CEE12A402B0C0018620A /* NumberCardView.swift */,
				8528CEEB2A4BA2BE0018620A /* SpecialCardView.swift */,
				85D00EF82AA3E2050037B2ED /* HandView.swift */,
				85E1814B2B0DC23200292733 /* PlayerInfoView.swift */,
				85D00EFA2AA7EF570037B2ED /* PlayAreaView.swift */,
				85D00EFC2AAD31810037B2ED /* GameAlertView.swift */,
				85D8C1F22AAE85C800697506 /* BackButtonTappedView.swift */,
				85D8C1E92AAE7C8900697506 /* NewTurnView.swift */,
				85D8C1EE2AAE7CC500697506 /* NewPhaseView.swift */,
				85D8C1EB2AAE7C9300697506 /* NewRoundView.swift */,
				8541F2EA2AAFD29100208757 /* GameOverView.swift */,
				853C686A2B0BA7CC00C475BA /* GameMainView.swift */,
			);
			path = Views;
			sourceTree = "<group>";
		};
		85E24B782A9D357500157E70 /* Rules */ = {
			isa = PBXGroup;
			children = (
				85E181362B0CC8BA00292733 /* Views */,
				85E181302B0CC89C00292733 /* RulesBuilder.swift */,
				85E181322B0CC8A800292733 /* RulesViewController.swift */,
				85E181342B0CC8B000292733 /* RulesWorker.swift */,
			);
			path = Rules;
			sourceTree = "<group>";
		};
		85E24B792A9D35E300157E70 /* Settings */ = {
			isa = PBXGroup;
			children = (
				85E181422B0D6F8C00292733 /* Views */,
				85E181452B0D6FA200292733 /* SettingsBuilder.swift */,
				85E181472B0D6FAE00292733 /* SettingsViewController.swift */,
				85E181492B0D6FB700292733 /* SettingsWorker.swift */,
			);
			path = Settings;
			sourceTree = "<group>";
		};
/* End PBXGroup section */

/* Begin PBXNativeTarget section */
		85DD62D22A33D42D00A6DA51 /* RussianHearts */ = {
			isa = PBXNativeTarget;
			buildConfigurationList = 85DD62FD2A33D43F00A6DA51 /* Build configuration list for PBXNativeTarget "RussianHearts" */;
			buildPhases = (
				85DD62CF2A33D42D00A6DA51 /* Sources */,
				85DD62D02A33D42D00A6DA51 /* Frameworks */,
				85DD62D12A33D42D00A6DA51 /* Resources */,
			);
			buildRules = (
			);
			dependencies = (
			);
			name = RussianHearts;
			productName = RussianHearts;
			productReference = 85DD62D32A33D42D00A6DA51 /* RussianHearts.app */;
			productType = "com.apple.product-type.application";
		};
		85DD62E82A33D43F00A6DA51 /* RussianHeartsTests */ = {
			isa = PBXNativeTarget;
			buildConfigurationList = 85DD63002A33D43F00A6DA51 /* Build configuration list for PBXNativeTarget "RussianHeartsTests" */;
			buildPhases = (
				85DD62E52A33D43F00A6DA51 /* Sources */,
				85DD62E62A33D43F00A6DA51 /* Frameworks */,
				85DD62E72A33D43F00A6DA51 /* Resources */,
			);
			buildRules = (
			);
			dependencies = (
				85DD62EB2A33D43F00A6DA51 /* PBXTargetDependency */,
			);
			name = RussianHeartsTests;
			productName = RussianHeartsTests;
			productReference = 85DD62E92A33D43F00A6DA51 /* RussianHeartsTests.xctest */;
			productType = "com.apple.product-type.bundle.unit-test";
		};
		85DD62F22A33D43F00A6DA51 /* RussianHeartsUITests */ = {
			isa = PBXNativeTarget;
			buildConfigurationList = 85DD63032A33D43F00A6DA51 /* Build configuration list for PBXNativeTarget "RussianHeartsUITests" */;
			buildPhases = (
				85DD62EF2A33D43F00A6DA51 /* Sources */,
				85DD62F02A33D43F00A6DA51 /* Frameworks */,
				85DD62F12A33D43F00A6DA51 /* Resources */,
			);
			buildRules = (
			);
			dependencies = (
				85DD62F52A33D43F00A6DA51 /* PBXTargetDependency */,
			);
			name = RussianHeartsUITests;
			productName = RussianHeartsUITests;
			productReference = 85DD62F32A33D43F00A6DA51 /* RussianHeartsUITests.xctest */;
			productType = "com.apple.product-type.bundle.ui-testing";
		};
/* End PBXNativeTarget section */

/* Begin PBXProject section */
		85DD62CB2A33D42C00A6DA51 /* Project object */ = {
			isa = PBXProject;
			attributes = {
				BuildIndependentTargetsInParallel = 1;
				LastSwiftUpdateCheck = 1420;
				LastUpgradeCheck = 1420;
				TargetAttributes = {
					85DD62D22A33D42D00A6DA51 = {
						CreatedOnToolsVersion = 14.2;
					};
					85DD62E82A33D43F00A6DA51 = {
						CreatedOnToolsVersion = 14.2;
						TestTargetID = 85DD62D22A33D42D00A6DA51;
					};
					85DD62F22A33D43F00A6DA51 = {
						CreatedOnToolsVersion = 14.2;
						TestTargetID = 85DD62D22A33D42D00A6DA51;
					};
				};
			};
			buildConfigurationList = 85DD62CE2A33D42C00A6DA51 /* Build configuration list for PBXProject "RussianHearts" */;
			compatibilityVersion = "Xcode 14.0";
			developmentRegion = en;
			hasScannedForEncodings = 0;
			knownRegions = (
				en,
				Base,
			);
			mainGroup = 85DD62CA2A33D42C00A6DA51;
			productRefGroup = 85DD62D42A33D42D00A6DA51 /* Products */;
			projectDirPath = "";
			projectRoot = "";
			targets = (
				85DD62D22A33D42D00A6DA51 /* RussianHearts */,
				85DD62E82A33D43F00A6DA51 /* RussianHeartsTests */,
				85DD62F22A33D43F00A6DA51 /* RussianHeartsUITests */,
			);
		};
/* End PBXProject section */

/* Begin PBXResourcesBuildPhase section */
		85DD62D12A33D42D00A6DA51 /* Resources */ = {
			isa = PBXResourcesBuildPhase;
			buildActionMask = 2147483647;
			files = (
				85DD62E32A33D43E00A6DA51 /* LaunchScreen.storyboard in Resources */,
				85DD62E02A33D43E00A6DA51 /* Assets.xcassets in Resources */,
			);
			runOnlyForDeploymentPostprocessing = 0;
		};
		85DD62E72A33D43F00A6DA51 /* Resources */ = {
			isa = PBXResourcesBuildPhase;
			buildActionMask = 2147483647;
			files = (
			);
			runOnlyForDeploymentPostprocessing = 0;
		};
		85DD62F12A33D43F00A6DA51 /* Resources */ = {
			isa = PBXResourcesBuildPhase;
			buildActionMask = 2147483647;
			files = (
			);
			runOnlyForDeploymentPostprocessing = 0;
		};
/* End PBXResourcesBuildPhase section */

/* Begin PBXSourcesBuildPhase section */
		85DD62CF2A33D42D00A6DA51 /* Sources */ = {
			isa = PBXSourcesBuildPhase;
			buildActionMask = 2147483647;
			files = (
				85E1812F2B0C0D1000292733 /* HighscoresMainView.swift in Sources */,
				853C68652B08FAD000C475BA /* LaunchWorker.swift in Sources */,
				85D8C1F12AAE813B00697506 /* GameNamespace.swift in Sources */,
				85E1813A2B0CCBA300292733 /* FriendsBuilder.swift in Sources */,
				85E1814C2B0DC23200292733 /* PlayerInfoView.swift in Sources */,
				85E24B3E2A8F8ACD00157E70 /* ServiceFactory.swift in Sources */,
				8528CED52A3B3F950018620A /* DeckModelController.swift in Sources */,
				8528CEC92A391F580018620A /* NumberCard.swift in Sources */,
				8528CED32A3B3F360018620A /* DeckModel.swift in Sources */,
				85E181482B0D6FAE00292733 /* SettingsViewController.swift in Sources */,
				85DD62DB2A33D42D00A6DA51 /* GameViewController.swift in Sources */,
				85E181312B0CC89C00292733 /* RulesBuilder.swift in Sources */,
				85E24B632A97A7AE00157E70 /* MainMenuBuilder.swift in Sources */,
				85DB78682A39071500D8A2A1 /* NewGameViewController.swift in Sources */,
				85882F402A8E0B310092CAB5 /* LaunchViewController.swift in Sources */,
				85CA27592A5B4C33003F1CD5 /* Constants.swift in Sources */,
				85E181382B0CC8C800292733 /* RulesMainView.swift in Sources */,
				8528CECB2A391F5F0018620A /* SpecialCard.swift in Sources */,
				85E24B6D2A9B7B8200157E70 /* GameService.swift in Sources */,
				8541F2EB2AAFD29200208757 /* GameOverView.swift in Sources */,
				85E181412B0CCBCE00292733 /* FriendsMainView.swift in Sources */,
				85882F362A8B6E5D0092CAB5 /* SceneRouter.swift in Sources */,
				85DB785E2A36850B00D8A2A1 /* RoundModel.swift in Sources */,
				85E24B692A97A7D500157E70 /* MainMenuWorker.swift in Sources */,
				853C68692B0B27E100C475BA /* NewGameMainView.swift in Sources */,
				8528CEC72A391F330018620A /* PlayerModel.swift in Sources */,
				85E24B3C2A8F8AC200157E70 /* ServiceManager.swift in Sources */,
				85D00EF92AA3E2050037B2ED /* HandView.swift in Sources */,
				85882F382A8B6E7F0092CAB5 /* ModuleManager.swift in Sources */,
				85D8C1EF2AAE7CC500697506 /* NewPhaseView.swift in Sources */,
				85E24B5E2A97A60B00157E70 /* GameEntity.swift in Sources */,
				85882F3A2A8B6E8D0092CAB5 /* ModuleFactory.swift in Sources */,
				85DB785C2A3684FE00D8A2A1 /* GameModel.swift in Sources */,
				85E24B752A9C079B00157E70 /* NewGameWorker.swift in Sources */,
				85E24B712A9C078500157E70 /* NewGameBuilder.swift in Sources */,
				85882F2C2A8B65F20092CAB5 /* UIContracts.swift in Sources */,
				85E24B442A8F8B3100157E70 /* EntityAccessor.swift in Sources */,
				85D8C1F32AAE85C800697506 /* BackButtonTappedView.swift in Sources */,
				85E24B5C2A97A4F800157E70 /* EntityNamespace.swift in Sources */,
				85DB78622A36851E00D8A2A1 /* CardModel.swift in Sources */,
				853C68672B0905F800C475BA /* MainMenuMainView.swift in Sources */,
				85C93FF42AB974DE0034EBA4 /* HighscoresViewController.swift in Sources */,
				85E181352B0CC8B000292733 /* RulesWorker.swift in Sources */,
				85E24B422A8F8B2200157E70 /* EntitiyManager.swift in Sources */,
				85E24B482A8F8B4A00157E70 /* ServiceContracts.swift in Sources */,
				85C93FF22AB974CB0034EBA4 /* HighscoresBuilder.swift in Sources */,
				85E1814A2B0D6FB700292733 /* SettingsWorker.swift in Sources */,
				8528CED92A3EF9EF0018620A /* PhaseModel.swift in Sources */,
				8528CECF2A3998B10018620A /* Assets.swift in Sources */,
				85E1813C2B0CCBAE00292733 /* FriendsViewController.swift in Sources */,
				85882F2E2A8B6B940092CAB5 /* SceneCoordinator.swift in Sources */,
				85D00EFD2AAD31810037B2ED /* GameAlertView.swift in Sources */,
				85DD62D72A33D42D00A6DA51 /* AppDelegate.swift in Sources */,
				85D8C1EC2AAE7C9300697506 /* NewRoundView.swift in Sources */,
				853C686B2B0BA7CC00C475BA /* GameMainView.swift in Sources */,
				85D00EF72AA3D08B0037B2ED /* CardView.swift in Sources */,
				85E24B582A955D3700157E70 /* SceneNamespace.swift in Sources */,
				85E24B462A8F8B3D00157E70 /* EntityContracts.swift in Sources */,
				85E181462B0D6FA200292733 /* SettingsBuilder.swift in Sources */,
				85C93FF82AB975090034EBA4 /* HighscoresWorker.swift in Sources */,
				85D8C1EA2AAE7C8900697506 /* NewTurnView.swift in Sources */,
				8528CECD2A39212F0018620A /* BidModel.swift in Sources */,
				853C68632B08F4CC00C475BA /* LaunchMainView.swift in Sources */,
				85DB78602A36851300D8A2A1 /* TurnModel.swift in Sources */,
				85E1813E2B0CCBBB00292733 /* FriendsWorker.swift in Sources */,
				85882F3C2A8E06AE0092CAB5 /* LaunchBuilder.swift in Sources */,
				8528CEE22A402B0C0018620A /* NumberCardView.swift in Sources */,
				8528CEEC2A4BA2BE0018620A /* SpecialCardView.swift in Sources */,
				85D00EEB2A9E27A40037B2ED /* PlayerSelector.swift in Sources */,
				85DD62D92A33D42D00A6DA51 /* SceneDelegate.swift in Sources */,
				85D00EFB2AA7EF570037B2ED /* PlayAreaView.swift in Sources */,
				85E181442B0D6F9800292733 /* SettingsMainView.swift in Sources */,
				85E24B652A97A7BD00157E70 /* MainMenuViewController.swift in Sources */,
				85882F342A8B6BEC0092CAB5 /* ModuleContracts.swift in Sources */,
				85E181332B0CC8A800292733 /* RulesViewController.swift in Sources */,
				85D00EEF2AA2FF800037B2ED /* GameBuilder.swift in Sources */,
			);
			runOnlyForDeploymentPostprocessing = 0;
		};
		85DD62E52A33D43F00A6DA51 /* Sources */ = {
			isa = PBXSourcesBuildPhase;
			buildActionMask = 2147483647;
			files = (
				85DD62EE2A33D43F00A6DA51 /* RussianHeartsTests.swift in Sources */,
			);
			runOnlyForDeploymentPostprocessing = 0;
		};
		85DD62EF2A33D43F00A6DA51 /* Sources */ = {
			isa = PBXSourcesBuildPhase;
			buildActionMask = 2147483647;
			files = (
				85DD62F82A33D43F00A6DA51 /* RussianHeartsUITests.swift in Sources */,
				85DD62FA2A33D43F00A6DA51 /* RussianHeartsUITestsLaunchTests.swift in Sources */,
			);
			runOnlyForDeploymentPostprocessing = 0;
		};
/* End PBXSourcesBuildPhase section */

/* Begin PBXTargetDependency section */
		85DD62EB2A33D43F00A6DA51 /* PBXTargetDependency */ = {
			isa = PBXTargetDependency;
			target = 85DD62D22A33D42D00A6DA51 /* RussianHearts */;
			targetProxy = 85DD62EA2A33D43F00A6DA51 /* PBXContainerItemProxy */;
		};
		85DD62F52A33D43F00A6DA51 /* PBXTargetDependency */ = {
			isa = PBXTargetDependency;
			target = 85DD62D22A33D42D00A6DA51 /* RussianHearts */;
			targetProxy = 85DD62F42A33D43F00A6DA51 /* PBXContainerItemProxy */;
		};
/* End PBXTargetDependency section */

/* Begin PBXVariantGroup section */
		85DD62E12A33D43E00A6DA51 /* LaunchScreen.storyboard */ = {
			isa = PBXVariantGroup;
			children = (
				85DD62E22A33D43E00A6DA51 /* Base */,
			);
			name = LaunchScreen.storyboard;
			sourceTree = "<group>";
		};
/* End PBXVariantGroup section */

/* Begin XCBuildConfiguration section */
		85DD62FB2A33D43F00A6DA51 /* Debug */ = {
			isa = XCBuildConfiguration;
			buildSettings = {
				ALWAYS_SEARCH_USER_PATHS = NO;
				CLANG_ANALYZER_NONNULL = YES;
				CLANG_ANALYZER_NUMBER_OBJECT_CONVERSION = YES_AGGRESSIVE;
				CLANG_CXX_LANGUAGE_STANDARD = "gnu++20";
				CLANG_ENABLE_MODULES = YES;
				CLANG_ENABLE_OBJC_ARC = YES;
				CLANG_ENABLE_OBJC_WEAK = YES;
				CLANG_WARN_BLOCK_CAPTURE_AUTORELEASING = YES;
				CLANG_WARN_BOOL_CONVERSION = YES;
				CLANG_WARN_COMMA = YES;
				CLANG_WARN_CONSTANT_CONVERSION = YES;
				CLANG_WARN_DEPRECATED_OBJC_IMPLEMENTATIONS = YES;
				CLANG_WARN_DIRECT_OBJC_ISA_USAGE = YES_ERROR;
				CLANG_WARN_DOCUMENTATION_COMMENTS = YES;
				CLANG_WARN_EMPTY_BODY = YES;
				CLANG_WARN_ENUM_CONVERSION = YES;
				CLANG_WARN_INFINITE_RECURSION = YES;
				CLANG_WARN_INT_CONVERSION = YES;
				CLANG_WARN_NON_LITERAL_NULL_CONVERSION = YES;
				CLANG_WARN_OBJC_IMPLICIT_RETAIN_SELF = YES;
				CLANG_WARN_OBJC_LITERAL_CONVERSION = YES;
				CLANG_WARN_OBJC_ROOT_CLASS = YES_ERROR;
				CLANG_WARN_QUOTED_INCLUDE_IN_FRAMEWORK_HEADER = YES;
				CLANG_WARN_RANGE_LOOP_ANALYSIS = YES;
				CLANG_WARN_STRICT_PROTOTYPES = YES;
				CLANG_WARN_SUSPICIOUS_MOVE = YES;
				CLANG_WARN_UNGUARDED_AVAILABILITY = YES_AGGRESSIVE;
				CLANG_WARN_UNREACHABLE_CODE = YES;
				CLANG_WARN__DUPLICATE_METHOD_MATCH = YES;
				COPY_PHASE_STRIP = NO;
				DEBUG_INFORMATION_FORMAT = dwarf;
				ENABLE_STRICT_OBJC_MSGSEND = YES;
				ENABLE_TESTABILITY = YES;
				GCC_C_LANGUAGE_STANDARD = gnu11;
				GCC_DYNAMIC_NO_PIC = NO;
				GCC_NO_COMMON_BLOCKS = YES;
				GCC_OPTIMIZATION_LEVEL = 0;
				GCC_PREPROCESSOR_DEFINITIONS = (
					"DEBUG=1",
					"$(inherited)",
				);
				GCC_WARN_64_TO_32_BIT_CONVERSION = YES;
				GCC_WARN_ABOUT_RETURN_TYPE = YES_ERROR;
				GCC_WARN_UNDECLARED_SELECTOR = YES;
				GCC_WARN_UNINITIALIZED_AUTOS = YES_AGGRESSIVE;
				GCC_WARN_UNUSED_FUNCTION = YES;
				GCC_WARN_UNUSED_VARIABLE = YES;
				IPHONEOS_DEPLOYMENT_TARGET = 16.2;
				MTL_ENABLE_DEBUG_INFO = INCLUDE_SOURCE;
				MTL_FAST_MATH = YES;
				ONLY_ACTIVE_ARCH = YES;
				SDKROOT = iphoneos;
				SWIFT_ACTIVE_COMPILATION_CONDITIONS = DEBUG;
				SWIFT_OPTIMIZATION_LEVEL = "-Onone";
			};
			name = Debug;
		};
		85DD62FC2A33D43F00A6DA51 /* Release */ = {
			isa = XCBuildConfiguration;
			buildSettings = {
				ALWAYS_SEARCH_USER_PATHS = NO;
				CLANG_ANALYZER_NONNULL = YES;
				CLANG_ANALYZER_NUMBER_OBJECT_CONVERSION = YES_AGGRESSIVE;
				CLANG_CXX_LANGUAGE_STANDARD = "gnu++20";
				CLANG_ENABLE_MODULES = YES;
				CLANG_ENABLE_OBJC_ARC = YES;
				CLANG_ENABLE_OBJC_WEAK = YES;
				CLANG_WARN_BLOCK_CAPTURE_AUTORELEASING = YES;
				CLANG_WARN_BOOL_CONVERSION = YES;
				CLANG_WARN_COMMA = YES;
				CLANG_WARN_CONSTANT_CONVERSION = YES;
				CLANG_WARN_DEPRECATED_OBJC_IMPLEMENTATIONS = YES;
				CLANG_WARN_DIRECT_OBJC_ISA_USAGE = YES_ERROR;
				CLANG_WARN_DOCUMENTATION_COMMENTS = YES;
				CLANG_WARN_EMPTY_BODY = YES;
				CLANG_WARN_ENUM_CONVERSION = YES;
				CLANG_WARN_INFINITE_RECURSION = YES;
				CLANG_WARN_INT_CONVERSION = YES;
				CLANG_WARN_NON_LITERAL_NULL_CONVERSION = YES;
				CLANG_WARN_OBJC_IMPLICIT_RETAIN_SELF = YES;
				CLANG_WARN_OBJC_LITERAL_CONVERSION = YES;
				CLANG_WARN_OBJC_ROOT_CLASS = YES_ERROR;
				CLANG_WARN_QUOTED_INCLUDE_IN_FRAMEWORK_HEADER = YES;
				CLANG_WARN_RANGE_LOOP_ANALYSIS = YES;
				CLANG_WARN_STRICT_PROTOTYPES = YES;
				CLANG_WARN_SUSPICIOUS_MOVE = YES;
				CLANG_WARN_UNGUARDED_AVAILABILITY = YES_AGGRESSIVE;
				CLANG_WARN_UNREACHABLE_CODE = YES;
				CLANG_WARN__DUPLICATE_METHOD_MATCH = YES;
				COPY_PHASE_STRIP = NO;
				DEBUG_INFORMATION_FORMAT = "dwarf-with-dsym";
				ENABLE_NS_ASSERTIONS = NO;
				ENABLE_STRICT_OBJC_MSGSEND = YES;
				GCC_C_LANGUAGE_STANDARD = gnu11;
				GCC_NO_COMMON_BLOCKS = YES;
				GCC_WARN_64_TO_32_BIT_CONVERSION = YES;
				GCC_WARN_ABOUT_RETURN_TYPE = YES_ERROR;
				GCC_WARN_UNDECLARED_SELECTOR = YES;
				GCC_WARN_UNINITIALIZED_AUTOS = YES_AGGRESSIVE;
				GCC_WARN_UNUSED_FUNCTION = YES;
				GCC_WARN_UNUSED_VARIABLE = YES;
				IPHONEOS_DEPLOYMENT_TARGET = 16.2;
				MTL_ENABLE_DEBUG_INFO = NO;
				MTL_FAST_MATH = YES;
				SDKROOT = iphoneos;
				SWIFT_COMPILATION_MODE = wholemodule;
				SWIFT_OPTIMIZATION_LEVEL = "-O";
				VALIDATE_PRODUCT = YES;
			};
			name = Release;
		};
		85DD62FE2A33D43F00A6DA51 /* Debug */ = {
			isa = XCBuildConfiguration;
			buildSettings = {
				ASSETCATALOG_COMPILER_APPICON_NAME = AppIcon;
				ASSETCATALOG_COMPILER_GLOBAL_ACCENT_COLOR_NAME = AccentColor;
				CODE_SIGN_IDENTITY = "Apple Development";
				"CODE_SIGN_IDENTITY[sdk=iphoneos*]" = "iPhone Distribution";
				CODE_SIGN_STYLE = Manual;
				CURRENT_PROJECT_VERSION = 1;
				DEVELOPMENT_TEAM = "";
				"DEVELOPMENT_TEAM[sdk=iphoneos*]" = 267B76B7ZR;
				GENERATE_INFOPLIST_FILE = YES;
				INFOPLIST_FILE = RussianHearts/Resources/Info.plist;
				INFOPLIST_KEY_UIApplicationSupportsIndirectInputEvents = YES;
				INFOPLIST_KEY_UILaunchStoryboardName = LaunchScreen.storyboard;
				INFOPLIST_KEY_UIMainStoryboardFile = "";
				INFOPLIST_KEY_UIRequiresFullScreen = YES;
				INFOPLIST_KEY_UISupportedInterfaceOrientations_iPad = "UIInterfaceOrientationPortrait UIInterfaceOrientationPortraitUpsideDown UIInterfaceOrientationLandscapeLeft UIInterfaceOrientationLandscapeRight";
				INFOPLIST_KEY_UISupportedInterfaceOrientations_iPhone = "UIInterfaceOrientationPortrait UIInterfaceOrientationLandscapeLeft UIInterfaceOrientationLandscapeRight";
				LD_RUNPATH_SEARCH_PATHS = (
					"$(inherited)",
					"@executable_path/Frameworks",
				);
				MARKETING_VERSION = 0.6;
				PRODUCT_BUNDLE_IDENTIFIER = com.JackFeldman.RussianHearts;
				PRODUCT_NAME = "$(TARGET_NAME)";
				PROVISIONING_PROFILE_SPECIFIER = "";
				"PROVISIONING_PROFILE_SPECIFIER[sdk=iphoneos*]" = "Russian Hearts";
				SWIFT_EMIT_LOC_STRINGS = YES;
				SWIFT_VERSION = 5.0;
				TARGETED_DEVICE_FAMILY = "1,2";
			};
			name = Debug;
		};
		85DD62FF2A33D43F00A6DA51 /* Release */ = {
			isa = XCBuildConfiguration;
			buildSettings = {
				ASSETCATALOG_COMPILER_APPICON_NAME = AppIcon;
				ASSETCATALOG_COMPILER_GLOBAL_ACCENT_COLOR_NAME = AccentColor;
				CODE_SIGN_IDENTITY = "Apple Development";
				"CODE_SIGN_IDENTITY[sdk=iphoneos*]" = "iPhone Distribution";
				CODE_SIGN_STYLE = Manual;
				CURRENT_PROJECT_VERSION = 1;
				DEVELOPMENT_TEAM = "";
				"DEVELOPMENT_TEAM[sdk=iphoneos*]" = 267B76B7ZR;
				GENERATE_INFOPLIST_FILE = YES;
				INFOPLIST_FILE = RussianHearts/Resources/Info.plist;
				INFOPLIST_KEY_UIApplicationSupportsIndirectInputEvents = YES;
				INFOPLIST_KEY_UILaunchStoryboardName = LaunchScreen.storyboard;
				INFOPLIST_KEY_UIMainStoryboardFile = "";
				INFOPLIST_KEY_UIRequiresFullScreen = YES;
				INFOPLIST_KEY_UISupportedInterfaceOrientations_iPad = "UIInterfaceOrientationPortrait UIInterfaceOrientationPortraitUpsideDown UIInterfaceOrientationLandscapeLeft UIInterfaceOrientationLandscapeRight";
				INFOPLIST_KEY_UISupportedInterfaceOrientations_iPhone = "UIInterfaceOrientationPortrait UIInterfaceOrientationLandscapeLeft UIInterfaceOrientationLandscapeRight";
				LD_RUNPATH_SEARCH_PATHS = (
					"$(inherited)",
					"@executable_path/Frameworks",
				);
				MARKETING_VERSION = 0.6;
				PRODUCT_BUNDLE_IDENTIFIER = com.JackFeldman.RussianHearts;
				PRODUCT_NAME = "$(TARGET_NAME)";
				PROVISIONING_PROFILE_SPECIFIER = "";
				"PROVISIONING_PROFILE_SPECIFIER[sdk=iphoneos*]" = "Russian Hearts";
				SWIFT_EMIT_LOC_STRINGS = YES;
				SWIFT_VERSION = 5.0;
				TARGETED_DEVICE_FAMILY = "1,2";
			};
			name = Release;
		};
		85DD63012A33D43F00A6DA51 /* Debug */ = {
			isa = XCBuildConfiguration;
			buildSettings = {
				ALWAYS_EMBED_SWIFT_STANDARD_LIBRARIES = YES;
				BUNDLE_LOADER = "$(TEST_HOST)";
				CODE_SIGN_STYLE = Automatic;
				CURRENT_PROJECT_VERSION = 1;
				DEVELOPMENT_TEAM = YY8J3FPYX8;
				GENERATE_INFOPLIST_FILE = YES;
				IPHONEOS_DEPLOYMENT_TARGET = 16.2;
				MARKETING_VERSION = 1.0;
				PRODUCT_BUNDLE_IDENTIFIER = com.timothyrosenvall.RussianHeartsTests;
				PRODUCT_NAME = "$(TARGET_NAME)";
				SWIFT_EMIT_LOC_STRINGS = NO;
				SWIFT_VERSION = 5.0;
				TARGETED_DEVICE_FAMILY = "1,2";
				TEST_HOST = "$(BUILT_PRODUCTS_DIR)/RussianHearts.app/$(BUNDLE_EXECUTABLE_FOLDER_PATH)/RussianHearts";
			};
			name = Debug;
		};
		85DD63022A33D43F00A6DA51 /* Release */ = {
			isa = XCBuildConfiguration;
			buildSettings = {
				ALWAYS_EMBED_SWIFT_STANDARD_LIBRARIES = YES;
				BUNDLE_LOADER = "$(TEST_HOST)";
				CODE_SIGN_STYLE = Automatic;
				CURRENT_PROJECT_VERSION = 1;
				DEVELOPMENT_TEAM = YY8J3FPYX8;
				GENERATE_INFOPLIST_FILE = YES;
				IPHONEOS_DEPLOYMENT_TARGET = 16.2;
				MARKETING_VERSION = 1.0;
				PRODUCT_BUNDLE_IDENTIFIER = com.timothyrosenvall.RussianHeartsTests;
				PRODUCT_NAME = "$(TARGET_NAME)";
				SWIFT_EMIT_LOC_STRINGS = NO;
				SWIFT_VERSION = 5.0;
				TARGETED_DEVICE_FAMILY = "1,2";
				TEST_HOST = "$(BUILT_PRODUCTS_DIR)/RussianHearts.app/$(BUNDLE_EXECUTABLE_FOLDER_PATH)/RussianHearts";
			};
			name = Release;
		};
		85DD63042A33D43F00A6DA51 /* Debug */ = {
			isa = XCBuildConfiguration;
			buildSettings = {
				ALWAYS_EMBED_SWIFT_STANDARD_LIBRARIES = YES;
				CODE_SIGN_STYLE = Automatic;
				CURRENT_PROJECT_VERSION = 1;
				DEVELOPMENT_TEAM = YY8J3FPYX8;
				GENERATE_INFOPLIST_FILE = YES;
				MARKETING_VERSION = 1.0;
				PRODUCT_BUNDLE_IDENTIFIER = com.timothyrosenvall.RussianHeartsUITests;
				PRODUCT_NAME = "$(TARGET_NAME)";
				SWIFT_EMIT_LOC_STRINGS = NO;
				SWIFT_VERSION = 5.0;
				TARGETED_DEVICE_FAMILY = "1,2";
				TEST_TARGET_NAME = RussianHearts;
			};
			name = Debug;
		};
		85DD63052A33D43F00A6DA51 /* Release */ = {
			isa = XCBuildConfiguration;
			buildSettings = {
				ALWAYS_EMBED_SWIFT_STANDARD_LIBRARIES = YES;
				CODE_SIGN_STYLE = Automatic;
				CURRENT_PROJECT_VERSION = 1;
				DEVELOPMENT_TEAM = YY8J3FPYX8;
				GENERATE_INFOPLIST_FILE = YES;
				MARKETING_VERSION = 1.0;
				PRODUCT_BUNDLE_IDENTIFIER = com.timothyrosenvall.RussianHeartsUITests;
				PRODUCT_NAME = "$(TARGET_NAME)";
				SWIFT_EMIT_LOC_STRINGS = NO;
				SWIFT_VERSION = 5.0;
				TARGETED_DEVICE_FAMILY = "1,2";
				TEST_TARGET_NAME = RussianHearts;
			};
			name = Release;
		};
/* End XCBuildConfiguration section */

/* Begin XCConfigurationList section */
		85DD62CE2A33D42C00A6DA51 /* Build configuration list for PBXProject "RussianHearts" */ = {
			isa = XCConfigurationList;
			buildConfigurations = (
				85DD62FB2A33D43F00A6DA51 /* Debug */,
				85DD62FC2A33D43F00A6DA51 /* Release */,
			);
			defaultConfigurationIsVisible = 0;
			defaultConfigurationName = Release;
		};
		85DD62FD2A33D43F00A6DA51 /* Build configuration list for PBXNativeTarget "RussianHearts" */ = {
			isa = XCConfigurationList;
			buildConfigurations = (
				85DD62FE2A33D43F00A6DA51 /* Debug */,
				85DD62FF2A33D43F00A6DA51 /* Release */,
			);
			defaultConfigurationIsVisible = 0;
			defaultConfigurationName = Release;
		};
		85DD63002A33D43F00A6DA51 /* Build configuration list for PBXNativeTarget "RussianHeartsTests" */ = {
			isa = XCConfigurationList;
			buildConfigurations = (
				85DD63012A33D43F00A6DA51 /* Debug */,
				85DD63022A33D43F00A6DA51 /* Release */,
			);
			defaultConfigurationIsVisible = 0;
			defaultConfigurationName = Release;
		};
		85DD63032A33D43F00A6DA51 /* Build configuration list for PBXNativeTarget "RussianHeartsUITests" */ = {
			isa = XCConfigurationList;
			buildConfigurations = (
				85DD63042A33D43F00A6DA51 /* Debug */,
				85DD63052A33D43F00A6DA51 /* Release */,
			);
			defaultConfigurationIsVisible = 0;
			defaultConfigurationName = Release;
		};
/* End XCConfigurationList section */
	};
	rootObject = 85DD62CB2A33D42C00A6DA51 /* Project object */;
}
