// !$*UTF8*$!
{
	archiveVersion = 1;
	classes = {
	};
	objectVersion = 56;
	objects = {

/* Begin PBXBuildFile section */
		8528CEC72A391F330018620A /* Player.swift in Sources */ = {isa = PBXBuildFile; fileRef = 8528CEC62A391F330018620A /* Player.swift */; };
		8528CECD2A39212F0018620A /* Bid.swift in Sources */ = {isa = PBXBuildFile; fileRef = 8528CECC2A39212F0018620A /* Bid.swift */; };
		8528CECF2A3998B10018620A /* Assets.swift in Sources */ = {isa = PBXBuildFile; fileRef = 8528CECE2A3998B10018620A /* Assets.swift */; };
		8528CED32A3B3F360018620A /* Deck.swift in Sources */ = {isa = PBXBuildFile; fileRef = 8528CED22A3B3F360018620A /* Deck.swift */; };
		8528CED52A3B3F950018620A /* DeckController.swift in Sources */ = {isa = PBXBuildFile; fileRef = 8528CED42A3B3F950018620A /* DeckController.swift */; };
		8528CED92A3EF9EF0018620A /* Trick.swift in Sources */ = {isa = PBXBuildFile; fileRef = 8528CED82A3EF9EF0018620A /* Trick.swift */; };
		8528CEE22A402B0C0018620A /* NumberCardView.swift in Sources */ = {isa = PBXBuildFile; fileRef = 8528CEE12A402B0C0018620A /* NumberCardView.swift */; };
		8528CEEC2A4BA2BE0018620A /* SpecialCardView.swift in Sources */ = {isa = PBXBuildFile; fileRef = 8528CEEB2A4BA2BE0018620A /* SpecialCardView.swift */; };
		853C68692B0B27E100C475BA /* DeprecatedNewGameMainView.swift in Sources */ = {isa = PBXBuildFile; fileRef = 853C68682B0B27E100C475BA /* DeprecatedNewGameMainView.swift */; };
		853C686B2B0BA7CC00C475BA /* GameMainView.swift in Sources */ = {isa = PBXBuildFile; fileRef = 853C686A2B0BA7CC00C475BA /* GameMainView.swift */; };
		8541F2EB2AAFD29200208757 /* GameOverView.swift in Sources */ = {isa = PBXBuildFile; fileRef = 8541F2EA2AAFD29100208757 /* GameOverView.swift */; };
		855747BC2C3588BF00479E62 /* DynamicallySizingHStack.swift in Sources */ = {isa = PBXBuildFile; fileRef = 855747BB2C3588BF00479E62 /* DynamicallySizingHStack.swift */; };
		858478D02B32E48900B68D4E /* ModelProtocols.swift in Sources */ = {isa = PBXBuildFile; fileRef = 858478CF2B32E48900B68D4E /* ModelProtocols.swift */; };
		858478D32B35669200B68D4E /* Array+Rotate.swift in Sources */ = {isa = PBXBuildFile; fileRef = 858478D22B35669200B68D4E /* Array+Rotate.swift */; };
		858478D72B38282600B68D4E /* Array+RemoveAt.swift in Sources */ = {isa = PBXBuildFile; fileRef = 858478D62B38282600B68D4E /* Array+RemoveAt.swift */; };
		858478DA2B382CCE00B68D4E /* SpecialCard.swift in Sources */ = {isa = PBXBuildFile; fileRef = 858478D92B382CCE00B68D4E /* SpecialCard.swift */; };
		858478DC2B382CD600B68D4E /* NumberCard.swift in Sources */ = {isa = PBXBuildFile; fileRef = 858478DB2B382CD600B68D4E /* NumberCard.swift */; };
		858478E12B3832D500B68D4E /* RetrieveGameStateUseCase.swift in Sources */ = {isa = PBXBuildFile; fileRef = 858478E02B3832D500B68D4E /* RetrieveGameStateUseCase.swift */; };
		858478E32B3832E900B68D4E /* EndTurnUseCase.swift in Sources */ = {isa = PBXBuildFile; fileRef = 858478E22B3832E900B68D4E /* EndTurnUseCase.swift */; };
		85882F2E2A8B6B940092CAB5 /* SceneCoordinator.swift in Sources */ = {isa = PBXBuildFile; fileRef = 85882F2D2A8B6B940092CAB5 /* SceneCoordinator.swift */; };
		85882F342A8B6BEC0092CAB5 /* ModuleContracts.swift in Sources */ = {isa = PBXBuildFile; fileRef = 85882F332A8B6BEC0092CAB5 /* ModuleContracts.swift */; };
		85882F382A8B6E7F0092CAB5 /* ModuleManager.swift in Sources */ = {isa = PBXBuildFile; fileRef = 85882F372A8B6E7F0092CAB5 /* ModuleManager.swift */; };
		85882F3A2A8B6E8D0092CAB5 /* ModuleFactory.swift in Sources */ = {isa = PBXBuildFile; fileRef = 85882F392A8B6E8D0092CAB5 /* ModuleFactory.swift */; };
		85C93FF22AB974CB0034EBA4 /* HighscoresBuilder.swift in Sources */ = {isa = PBXBuildFile; fileRef = 85C93FF12AB974CB0034EBA4 /* HighscoresBuilder.swift */; };
		85C93FF42AB974DE0034EBA4 /* HighscoresViewController.swift in Sources */ = {isa = PBXBuildFile; fileRef = 85C93FF32AB974DE0034EBA4 /* HighscoresViewController.swift */; };
		85C93FF82AB975090034EBA4 /* HighscoresWorker.swift in Sources */ = {isa = PBXBuildFile; fileRef = 85C93FF72AB975090034EBA4 /* HighscoresWorker.swift */; };
		85C95BC32B3CA59F00762ACA /* TaskManager.swift in Sources */ = {isa = PBXBuildFile; fileRef = 85C95BC22B3CA59F00762ACA /* TaskManager.swift */; };
		85C95BC52B3CC28D00762ACA /* EndTrickUseCase.swift in Sources */ = {isa = PBXBuildFile; fileRef = 85C95BC42B3CC28D00762ACA /* EndTrickUseCase.swift */; };
		85C95BC72B3CC3BD00762ACA /* EndRoundUseCase.swift in Sources */ = {isa = PBXBuildFile; fileRef = 85C95BC62B3CC3BD00762ACA /* EndRoundUseCase.swift */; };
		85C95BCB2B3CC71C00762ACA /* StartNewGameUseCase.swift in Sources */ = {isa = PBXBuildFile; fileRef = 85C95BCA2B3CC71C00762ACA /* StartNewGameUseCase.swift */; };
		85CA27592A5B4C33003F1CD5 /* Constants.swift in Sources */ = {isa = PBXBuildFile; fileRef = 85CA27582A5B4C33003F1CD5 /* Constants.swift */; };
		85CF856C2C6BACA0006530EF /* GameViewRedo.swift in Sources */ = {isa = PBXBuildFile; fileRef = 85CF856B2C6BACA0006530EF /* GameViewRedo.swift */; };
		85D00EEB2A9E27A40037B2ED /* DeprecatedPlayerSelector.swift in Sources */ = {isa = PBXBuildFile; fileRef = 85D00EEA2A9E27A40037B2ED /* DeprecatedPlayerSelector.swift */; };
		85D00EEF2AA2FF800037B2ED /* DeprecatedGameBuilder.swift in Sources */ = {isa = PBXBuildFile; fileRef = 85D00EEE2AA2FF800037B2ED /* DeprecatedGameBuilder.swift */; };
		85D00EF92AA3E2050037B2ED /* HandView.swift in Sources */ = {isa = PBXBuildFile; fileRef = 85D00EF82AA3E2050037B2ED /* HandView.swift */; };
		85D00EFB2AA7EF570037B2ED /* PlayAreaView.swift in Sources */ = {isa = PBXBuildFile; fileRef = 85D00EFA2AA7EF570037B2ED /* PlayAreaView.swift */; };
		85D00EFD2AAD31810037B2ED /* GameAlertView.swift in Sources */ = {isa = PBXBuildFile; fileRef = 85D00EFC2AAD31810037B2ED /* GameAlertView.swift */; };
		85D355682C128C4600003CC2 /* CardView.swift in Sources */ = {isa = PBXBuildFile; fileRef = 85D355672C128C4600003CC2 /* CardView.swift */; };
		85D359882B68E3EC0045E6EE /* Launch+Models.swift in Sources */ = {isa = PBXBuildFile; fileRef = 85D359872B68E3EC0045E6EE /* Launch+Models.swift */; };
		85D3598A2B68E4070045E6EE /* LaunchViewModel.swift in Sources */ = {isa = PBXBuildFile; fileRef = 85D359892B68E4070045E6EE /* LaunchViewModel.swift */; };
		85D3598C2B68E4110045E6EE /* LaunchTransformer.swift in Sources */ = {isa = PBXBuildFile; fileRef = 85D3598B2B68E4110045E6EE /* LaunchTransformer.swift */; };
		85D3598E2B68E41C0045E6EE /* LaunchTheme.swift in Sources */ = {isa = PBXBuildFile; fileRef = 85D3598D2B68E41C0045E6EE /* LaunchTheme.swift */; };
		85D359902B68E4620045E6EE /* LaunchHostingController.swift in Sources */ = {isa = PBXBuildFile; fileRef = 85D3598F2B68E4620045E6EE /* LaunchHostingController.swift */; };
		85D359922B68E4BB0045E6EE /* LaunchView.swift in Sources */ = {isa = PBXBuildFile; fileRef = 85D359912B68E4BB0045E6EE /* LaunchView.swift */; };
		85D359942B68E5280045E6EE /* LaunchBuilder.swift in Sources */ = {isa = PBXBuildFile; fileRef = 85D359932B68E5280045E6EE /* LaunchBuilder.swift */; };
		85D8C1EA2AAE7C8900697506 /* NewTurnView.swift in Sources */ = {isa = PBXBuildFile; fileRef = 85D8C1E92AAE7C8900697506 /* NewTurnView.swift */; };
		85D8C1EC2AAE7C9300697506 /* NewRoundView.swift in Sources */ = {isa = PBXBuildFile; fileRef = 85D8C1EB2AAE7C9300697506 /* NewRoundView.swift */; };
		85D8C1EF2AAE7CC500697506 /* NewPhaseView.swift in Sources */ = {isa = PBXBuildFile; fileRef = 85D8C1EE2AAE7CC500697506 /* NewPhaseView.swift */; };
		85D8C1F12AAE813B00697506 /* DeprecatedGameNamespace.swift in Sources */ = {isa = PBXBuildFile; fileRef = 85D8C1F02AAE813B00697506 /* DeprecatedGameNamespace.swift */; };
		85D8C1F32AAE85C800697506 /* BackButtonTappedView.swift in Sources */ = {isa = PBXBuildFile; fileRef = 85D8C1F22AAE85C800697506 /* BackButtonTappedView.swift */; };
		85DB785C2A3684FE00D8A2A1 /* GameState.swift in Sources */ = {isa = PBXBuildFile; fileRef = 85DB785B2A3684FE00D8A2A1 /* GameState.swift */; };
		85DB785E2A36850B00D8A2A1 /* Round.swift in Sources */ = {isa = PBXBuildFile; fileRef = 85DB785D2A36850B00D8A2A1 /* Round.swift */; };
		85DB78602A36851300D8A2A1 /* Turn.swift in Sources */ = {isa = PBXBuildFile; fileRef = 85DB785F2A36851300D8A2A1 /* Turn.swift */; };
		85DB78622A36851E00D8A2A1 /* CardProtocol+Impl.swift in Sources */ = {isa = PBXBuildFile; fileRef = 85DB78612A36851E00D8A2A1 /* CardProtocol+Impl.swift */; };
		85DD62D72A33D42D00A6DA51 /* AppDelegate.swift in Sources */ = {isa = PBXBuildFile; fileRef = 85DD62D62A33D42D00A6DA51 /* AppDelegate.swift */; };
		85DD62D92A33D42D00A6DA51 /* SceneDelegate.swift in Sources */ = {isa = PBXBuildFile; fileRef = 85DD62D82A33D42D00A6DA51 /* SceneDelegate.swift */; };
		85DD62DB2A33D42D00A6DA51 /* DeprecatedGameViewController.swift in Sources */ = {isa = PBXBuildFile; fileRef = 85DD62DA2A33D42D00A6DA51 /* DeprecatedGameViewController.swift */; };
		85DD62E02A33D43E00A6DA51 /* Assets.xcassets in Resources */ = {isa = PBXBuildFile; fileRef = 85DD62DF2A33D43E00A6DA51 /* Assets.xcassets */; };
		85DD62E32A33D43E00A6DA51 /* LaunchScreen.storyboard in Resources */ = {isa = PBXBuildFile; fileRef = 85DD62E12A33D43E00A6DA51 /* LaunchScreen.storyboard */; };
		85DD62EE2A33D43F00A6DA51 /* RussianHeartsTests.swift in Sources */ = {isa = PBXBuildFile; fileRef = 85DD62ED2A33D43F00A6DA51 /* RussianHeartsTests.swift */; };
		85DD62F82A33D43F00A6DA51 /* RussianHeartsUITests.swift in Sources */ = {isa = PBXBuildFile; fileRef = 85DD62F72A33D43F00A6DA51 /* RussianHeartsUITests.swift */; };
		85DD62FA2A33D43F00A6DA51 /* RussianHeartsUITestsLaunchTests.swift in Sources */ = {isa = PBXBuildFile; fileRef = 85DD62F92A33D43F00A6DA51 /* RussianHeartsUITestsLaunchTests.swift */; };
		85E1812F2B0C0D1000292733 /* HighscoresMainView.swift in Sources */ = {isa = PBXBuildFile; fileRef = 85E1812E2B0C0D1000292733 /* HighscoresMainView.swift */; };
		85E181312B0CC89C00292733 /* RulesBuilder.swift in Sources */ = {isa = PBXBuildFile; fileRef = 85E181302B0CC89C00292733 /* RulesBuilder.swift */; };
		85E181332B0CC8A800292733 /* RulesViewController.swift in Sources */ = {isa = PBXBuildFile; fileRef = 85E181322B0CC8A800292733 /* RulesViewController.swift */; };
		85E181352B0CC8B000292733 /* RulesWorker.swift in Sources */ = {isa = PBXBuildFile; fileRef = 85E181342B0CC8B000292733 /* RulesWorker.swift */; };
		85E181382B0CC8C800292733 /* RulesMainView.swift in Sources */ = {isa = PBXBuildFile; fileRef = 85E181372B0CC8C800292733 /* RulesMainView.swift */; };
		85E1813A2B0CCBA300292733 /* FriendsBuilder.swift in Sources */ = {isa = PBXBuildFile; fileRef = 85E181392B0CCBA300292733 /* FriendsBuilder.swift */; };
		85E1813C2B0CCBAE00292733 /* FriendsViewController.swift in Sources */ = {isa = PBXBuildFile; fileRef = 85E1813B2B0CCBAE00292733 /* FriendsViewController.swift */; };
		85E1813E2B0CCBBB00292733 /* FriendsWorker.swift in Sources */ = {isa = PBXBuildFile; fileRef = 85E1813D2B0CCBBB00292733 /* FriendsWorker.swift */; };
		85E181412B0CCBCE00292733 /* FriendsMainView.swift in Sources */ = {isa = PBXBuildFile; fileRef = 85E181402B0CCBCE00292733 /* FriendsMainView.swift */; };
		85E181442B0D6F9800292733 /* SettingsMainView.swift in Sources */ = {isa = PBXBuildFile; fileRef = 85E181432B0D6F9800292733 /* SettingsMainView.swift */; };
		85E181462B0D6FA200292733 /* SettingsBuilder.swift in Sources */ = {isa = PBXBuildFile; fileRef = 85E181452B0D6FA200292733 /* SettingsBuilder.swift */; };
		85E181482B0D6FAE00292733 /* SettingsViewController.swift in Sources */ = {isa = PBXBuildFile; fileRef = 85E181472B0D6FAE00292733 /* SettingsViewController.swift */; };
		85E1814A2B0D6FB700292733 /* SettingsWorker.swift in Sources */ = {isa = PBXBuildFile; fileRef = 85E181492B0D6FB700292733 /* SettingsWorker.swift */; };
		85E1814C2B0DC23200292733 /* PlayerInfoView.swift in Sources */ = {isa = PBXBuildFile; fileRef = 85E1814B2B0DC23200292733 /* PlayerInfoView.swift */; };
		85E1C4282C23493200873C6B /* Game+Models.swift in Sources */ = {isa = PBXBuildFile; fileRef = 85E1C4272C23493200873C6B /* Game+Models.swift */; };
		85E1C42A2C23495F00873C6B /* GameBuilder.swift in Sources */ = {isa = PBXBuildFile; fileRef = 85E1C4292C23495F00873C6B /* GameBuilder.swift */; };
		85E1C42C2C23496C00873C6B /* GameDelegate.swift in Sources */ = {isa = PBXBuildFile; fileRef = 85E1C42B2C23496C00873C6B /* GameDelegate.swift */; };
		85E1C42E2C23497C00873C6B /* GameHostingController.swift in Sources */ = {isa = PBXBuildFile; fileRef = 85E1C42D2C23497C00873C6B /* GameHostingController.swift */; };
		85E1C4302C23498400873C6B /* GameTheme.swift in Sources */ = {isa = PBXBuildFile; fileRef = 85E1C42F2C23498400873C6B /* GameTheme.swift */; };
		85E1C4322C23499000873C6B /* GameTransformer.swift in Sources */ = {isa = PBXBuildFile; fileRef = 85E1C4312C23499000873C6B /* GameTransformer.swift */; };
		85E1C4342C23499A00873C6B /* GameView.swift in Sources */ = {isa = PBXBuildFile; fileRef = 85E1C4332C23499A00873C6B /* GameView.swift */; };
		85E1C4362C2349A300873C6B /* GameViewModel.swift in Sources */ = {isa = PBXBuildFile; fileRef = 85E1C4352C2349A300873C6B /* GameViewModel.swift */; };
		85E24B3C2A8F8AC200157E70 /* ServiceManager.swift in Sources */ = {isa = PBXBuildFile; fileRef = 85E24B3B2A8F8AC200157E70 /* ServiceManager.swift */; };
		85E24B3E2A8F8ACD00157E70 /* ServiceFactory.swift in Sources */ = {isa = PBXBuildFile; fileRef = 85E24B3D2A8F8ACD00157E70 /* ServiceFactory.swift */; };
		85E24B442A8F8B3100157E70 /* EntityAccessor.swift in Sources */ = {isa = PBXBuildFile; fileRef = 85E24B432A8F8B3100157E70 /* EntityAccessor.swift */; };
		85E24B482A8F8B4A00157E70 /* ServiceContracts.swift in Sources */ = {isa = PBXBuildFile; fileRef = 85E24B472A8F8B4A00157E70 /* ServiceContracts.swift */; };
		85E24B582A955D3700157E70 /* SceneNamespace.swift in Sources */ = {isa = PBXBuildFile; fileRef = 85E24B572A955D3700157E70 /* SceneNamespace.swift */; };
		85E24B5C2A97A4F800157E70 /* EntityNamespace.swift in Sources */ = {isa = PBXBuildFile; fileRef = 85E24B5B2A97A4F800157E70 /* EntityNamespace.swift */; };
		85E24B5E2A97A60B00157E70 /* GameEntity.swift in Sources */ = {isa = PBXBuildFile; fileRef = 85E24B5D2A97A60B00157E70 /* GameEntity.swift */; };
		85E24B6D2A9B7B8200157E70 /* GameService.swift in Sources */ = {isa = PBXBuildFile; fileRef = 85E24B6C2A9B7B8200157E70 /* GameService.swift */; };
		85E462672B89D9F600A73187 /* MainMenuTheme.swift in Sources */ = {isa = PBXBuildFile; fileRef = 85E4625C2B89D9F500A73187 /* MainMenuTheme.swift */; };
		85E462682B89D9F600A73187 /* MainMenuTransformer.swift in Sources */ = {isa = PBXBuildFile; fileRef = 85E4625D2B89D9F500A73187 /* MainMenuTransformer.swift */; };
		85E462692B89D9F600A73187 /* MainMenuViewModel.swift in Sources */ = {isa = PBXBuildFile; fileRef = 85E4625E2B89D9F500A73187 /* MainMenuViewModel.swift */; };
		85E4626A2B89D9F600A73187 /* MainMenuDelegate.swift in Sources */ = {isa = PBXBuildFile; fileRef = 85E4625F2B89D9F500A73187 /* MainMenuDelegate.swift */; };
		85E4626C2B89D9F600A73187 /* MainMenuHostingController.swift in Sources */ = {isa = PBXBuildFile; fileRef = 85E462622B89D9F500A73187 /* MainMenuHostingController.swift */; };
		85E4626D2B89D9F600A73187 /* MainMenu+Models.swift in Sources */ = {isa = PBXBuildFile; fileRef = 85E462632B89D9F500A73187 /* MainMenu+Models.swift */; };
		85E4626E2B89D9F600A73187 /* MainMenuEntity.swift in Sources */ = {isa = PBXBuildFile; fileRef = 85E462642B89D9F500A73187 /* MainMenuEntity.swift */; };
		85E4626F2B89D9F600A73187 /* MainMenuBuilder.swift in Sources */ = {isa = PBXBuildFile; fileRef = 85E462652B89D9F500A73187 /* MainMenuBuilder.swift */; };
		85E462702B89D9F600A73187 /* MainMenuView.swift in Sources */ = {isa = PBXBuildFile; fileRef = 85E462662B89D9F500A73187 /* MainMenuView.swift */; };
		85E462722BA0882800A73187 /* NewGame+Models.swift in Sources */ = {isa = PBXBuildFile; fileRef = 85E462712BA0882800A73187 /* NewGame+Models.swift */; };
		85E462742BA0885C00A73187 /* NewGameBuilder.swift in Sources */ = {isa = PBXBuildFile; fileRef = 85E462732BA0885C00A73187 /* NewGameBuilder.swift */; };
		85E462762BA0886600A73187 /* NewGameDelegate.swift in Sources */ = {isa = PBXBuildFile; fileRef = 85E462752BA0886600A73187 /* NewGameDelegate.swift */; };
		85E462782BA0886D00A73187 /* NewGameEntity.swift in Sources */ = {isa = PBXBuildFile; fileRef = 85E462772BA0886D00A73187 /* NewGameEntity.swift */; };
		85E4627A2BA0887700A73187 /* NewGameHostingController.swift in Sources */ = {isa = PBXBuildFile; fileRef = 85E462792BA0887700A73187 /* NewGameHostingController.swift */; };
		85E4627C2BA0887E00A73187 /* NewGameTheme.swift in Sources */ = {isa = PBXBuildFile; fileRef = 85E4627B2BA0887E00A73187 /* NewGameTheme.swift */; };
		85E4627E2BA0888700A73187 /* NewGameTransformer.swift in Sources */ = {isa = PBXBuildFile; fileRef = 85E4627D2BA0888700A73187 /* NewGameTransformer.swift */; };
		85E462802BA0889000A73187 /* NewGameView.swift in Sources */ = {isa = PBXBuildFile; fileRef = 85E4627F2BA0889000A73187 /* NewGameView.swift */; };
		85E462822BA0889A00A73187 /* NewGameViewModel.swift in Sources */ = {isa = PBXBuildFile; fileRef = 85E462812BA0889A00A73187 /* NewGameViewModel.swift */; };
		85FA15692B6EBD0A00050776 /* LaunchDelegate.swift in Sources */ = {isa = PBXBuildFile; fileRef = 85FA15682B6EBD0A00050776 /* LaunchDelegate.swift */; };
		85FA156C2B6EBDD700050776 /* LoadSavedDataUseCase.swift in Sources */ = {isa = PBXBuildFile; fileRef = 85FA156B2B6EBDD700050776 /* LoadSavedDataUseCase.swift */; };
		85FA156E2B6FD72200050776 /* Colors.xcassets in Resources */ = {isa = PBXBuildFile; fileRef = 85FA156D2B6FD72200050776 /* Colors.xcassets */; };
		85FA15702B6FDA5E00050776 /* Colors.swift in Sources */ = {isa = PBXBuildFile; fileRef = 85FA156F2B6FDA5E00050776 /* Colors.swift */; };
		85FA157A2B7E598A00050776 /* GameService+UseCases.swift in Sources */ = {isa = PBXBuildFile; fileRef = 85FA15792B7E598A00050776 /* GameService+UseCases.swift */; };
		85FA157E2B7ECDEB00050776 /* LaunchEntity.swift in Sources */ = {isa = PBXBuildFile; fileRef = 85FA157D2B7ECDEB00050776 /* LaunchEntity.swift */; };
		85FA15872B80BF6A00050776 /* Logger.swift in Sources */ = {isa = PBXBuildFile; fileRef = 85FA15862B80BF6A00050776 /* Logger.swift */; };
/* End PBXBuildFile section */

/* Begin PBXContainerItemProxy section */
		85DD62EA2A33D43F00A6DA51 /* PBXContainerItemProxy */ = {
			isa = PBXContainerItemProxy;
			containerPortal = 85DD62CB2A33D42C00A6DA51 /* Project object */;
			proxyType = 1;
			remoteGlobalIDString = 85DD62D22A33D42D00A6DA51;
			remoteInfo = RussianHearts;
		};
		85DD62F42A33D43F00A6DA51 /* PBXContainerItemProxy */ = {
			isa = PBXContainerItemProxy;
			containerPortal = 85DD62CB2A33D42C00A6DA51 /* Project object */;
			proxyType = 1;
			remoteGlobalIDString = 85DD62D22A33D42D00A6DA51;
			remoteInfo = RussianHearts;
		};
/* End PBXContainerItemProxy section */

/* Begin PBXFileReference section */
		8528CEC62A391F330018620A /* Player.swift */ = {isa = PBXFileReference; lastKnownFileType = sourcecode.swift; path = Player.swift; sourceTree = "<group>"; };
		8528CECC2A39212F0018620A /* Bid.swift */ = {isa = PBXFileReference; lastKnownFileType = sourcecode.swift; path = Bid.swift; sourceTree = "<group>"; };
		8528CECE2A3998B10018620A /* Assets.swift */ = {isa = PBXFileReference; lastKnownFileType = sourcecode.swift; path = Assets.swift; sourceTree = "<group>"; };
		8528CED22A3B3F360018620A /* Deck.swift */ = {isa = PBXFileReference; lastKnownFileType = sourcecode.swift; path = Deck.swift; sourceTree = "<group>"; };
		8528CED42A3B3F950018620A /* DeckController.swift */ = {isa = PBXFileReference; lastKnownFileType = sourcecode.swift; path = DeckController.swift; sourceTree = "<group>"; };
		8528CED82A3EF9EF0018620A /* Trick.swift */ = {isa = PBXFileReference; lastKnownFileType = sourcecode.swift; path = Trick.swift; sourceTree = "<group>"; };
		8528CEE12A402B0C0018620A /* NumberCardView.swift */ = {isa = PBXFileReference; lastKnownFileType = sourcecode.swift; path = NumberCardView.swift; sourceTree = "<group>"; };
		8528CEEB2A4BA2BE0018620A /* SpecialCardView.swift */ = {isa = PBXFileReference; fileEncoding = 4; lastKnownFileType = sourcecode.swift; path = SpecialCardView.swift; sourceTree = "<group>"; };
		853C68682B0B27E100C475BA /* DeprecatedNewGameMainView.swift */ = {isa = PBXFileReference; lastKnownFileType = sourcecode.swift; path = DeprecatedNewGameMainView.swift; sourceTree = "<group>"; };
		853C686A2B0BA7CC00C475BA /* GameMainView.swift */ = {isa = PBXFileReference; lastKnownFileType = sourcecode.swift; path = GameMainView.swift; sourceTree = "<group>"; };
		8541F2EA2AAFD29100208757 /* GameOverView.swift */ = {isa = PBXFileReference; lastKnownFileType = sourcecode.swift; path = GameOverView.swift; sourceTree = "<group>"; };
		855747BB2C3588BF00479E62 /* DynamicallySizingHStack.swift */ = {isa = PBXFileReference; lastKnownFileType = sourcecode.swift; path = DynamicallySizingHStack.swift; sourceTree = "<group>"; };
		858478CF2B32E48900B68D4E /* ModelProtocols.swift */ = {isa = PBXFileReference; lastKnownFileType = sourcecode.swift; path = ModelProtocols.swift; sourceTree = "<group>"; };
		858478D22B35669200B68D4E /* Array+Rotate.swift */ = {isa = PBXFileReference; lastKnownFileType = sourcecode.swift; path = "Array+Rotate.swift"; sourceTree = "<group>"; };
		858478D62B38282600B68D4E /* Array+RemoveAt.swift */ = {isa = PBXFileReference; lastKnownFileType = sourcecode.swift; path = "Array+RemoveAt.swift"; sourceTree = "<group>"; };
		858478D92B382CCE00B68D4E /* SpecialCard.swift */ = {isa = PBXFileReference; lastKnownFileType = sourcecode.swift; path = SpecialCard.swift; sourceTree = "<group>"; };
		858478DB2B382CD600B68D4E /* NumberCard.swift */ = {isa = PBXFileReference; lastKnownFileType = sourcecode.swift; path = NumberCard.swift; sourceTree = "<group>"; };
		858478E02B3832D500B68D4E /* RetrieveGameStateUseCase.swift */ = {isa = PBXFileReference; lastKnownFileType = sourcecode.swift; path = RetrieveGameStateUseCase.swift; sourceTree = "<group>"; };
		858478E22B3832E900B68D4E /* EndTurnUseCase.swift */ = {isa = PBXFileReference; lastKnownFileType = sourcecode.swift; path = EndTurnUseCase.swift; sourceTree = "<group>"; };
		85882F2D2A8B6B940092CAB5 /* SceneCoordinator.swift */ = {isa = PBXFileReference; lastKnownFileType = sourcecode.swift; path = SceneCoordinator.swift; sourceTree = "<group>"; };
		85882F332A8B6BEC0092CAB5 /* ModuleContracts.swift */ = {isa = PBXFileReference; lastKnownFileType = sourcecode.swift; path = ModuleContracts.swift; sourceTree = "<group>"; };
		85882F372A8B6E7F0092CAB5 /* ModuleManager.swift */ = {isa = PBXFileReference; lastKnownFileType = sourcecode.swift; path = ModuleManager.swift; sourceTree = "<group>"; };
		85882F392A8B6E8D0092CAB5 /* ModuleFactory.swift */ = {isa = PBXFileReference; lastKnownFileType = sourcecode.swift; path = ModuleFactory.swift; sourceTree = "<group>"; };
		85C93FF12AB974CB0034EBA4 /* HighscoresBuilder.swift */ = {isa = PBXFileReference; lastKnownFileType = sourcecode.swift; path = HighscoresBuilder.swift; sourceTree = "<group>"; };
		85C93FF32AB974DE0034EBA4 /* HighscoresViewController.swift */ = {isa = PBXFileReference; lastKnownFileType = sourcecode.swift; path = HighscoresViewController.swift; sourceTree = "<group>"; };
		85C93FF72AB975090034EBA4 /* HighscoresWorker.swift */ = {isa = PBXFileReference; lastKnownFileType = sourcecode.swift; path = HighscoresWorker.swift; sourceTree = "<group>"; };
		85C95BC22B3CA59F00762ACA /* TaskManager.swift */ = {isa = PBXFileReference; lastKnownFileType = sourcecode.swift; path = TaskManager.swift; sourceTree = "<group>"; };
		85C95BC42B3CC28D00762ACA /* EndTrickUseCase.swift */ = {isa = PBXFileReference; fileEncoding = 4; lastKnownFileType = sourcecode.swift; path = EndTrickUseCase.swift; sourceTree = "<group>"; };
		85C95BC62B3CC3BD00762ACA /* EndRoundUseCase.swift */ = {isa = PBXFileReference; fileEncoding = 4; lastKnownFileType = sourcecode.swift; path = EndRoundUseCase.swift; sourceTree = "<group>"; };
		85C95BCA2B3CC71C00762ACA /* StartNewGameUseCase.swift */ = {isa = PBXFileReference; fileEncoding = 4; lastKnownFileType = sourcecode.swift; path = StartNewGameUseCase.swift; sourceTree = "<group>"; };
		85CA27582A5B4C33003F1CD5 /* Constants.swift */ = {isa = PBXFileReference; lastKnownFileType = sourcecode.swift; path = Constants.swift; sourceTree = "<group>"; };
		85CF856B2C6BACA0006530EF /* GameViewRedo.swift */ = {isa = PBXFileReference; fileEncoding = 4; lastKnownFileType = sourcecode.swift; path = GameViewRedo.swift; sourceTree = "<group>"; };
		85D00EEA2A9E27A40037B2ED /* DeprecatedPlayerSelector.swift */ = {isa = PBXFileReference; lastKnownFileType = sourcecode.swift; path = DeprecatedPlayerSelector.swift; sourceTree = "<group>"; };
		85D00EEE2AA2FF800037B2ED /* DeprecatedGameBuilder.swift */ = {isa = PBXFileReference; lastKnownFileType = sourcecode.swift; path = DeprecatedGameBuilder.swift; sourceTree = "<group>"; };
		85D00EF82AA3E2050037B2ED /* HandView.swift */ = {isa = PBXFileReference; lastKnownFileType = sourcecode.swift; path = HandView.swift; sourceTree = "<group>"; };
		85D00EFA2AA7EF570037B2ED /* PlayAreaView.swift */ = {isa = PBXFileReference; lastKnownFileType = sourcecode.swift; path = PlayAreaView.swift; sourceTree = "<group>"; };
		85D00EFC2AAD31810037B2ED /* GameAlertView.swift */ = {isa = PBXFileReference; lastKnownFileType = sourcecode.swift; path = GameAlertView.swift; sourceTree = "<group>"; };
		85D355672C128C4600003CC2 /* CardView.swift */ = {isa = PBXFileReference; lastKnownFileType = sourcecode.swift; path = CardView.swift; sourceTree = "<group>"; };
		85D359872B68E3EC0045E6EE /* Launch+Models.swift */ = {isa = PBXFileReference; lastKnownFileType = sourcecode.swift; path = "Launch+Models.swift"; sourceTree = "<group>"; };
		85D359892B68E4070045E6EE /* LaunchViewModel.swift */ = {isa = PBXFileReference; lastKnownFileType = sourcecode.swift; path = LaunchViewModel.swift; sourceTree = "<group>"; };
		85D3598B2B68E4110045E6EE /* LaunchTransformer.swift */ = {isa = PBXFileReference; lastKnownFileType = sourcecode.swift; path = LaunchTransformer.swift; sourceTree = "<group>"; };
		85D3598D2B68E41C0045E6EE /* LaunchTheme.swift */ = {isa = PBXFileReference; lastKnownFileType = sourcecode.swift; path = LaunchTheme.swift; sourceTree = "<group>"; };
		85D3598F2B68E4620045E6EE /* LaunchHostingController.swift */ = {isa = PBXFileReference; lastKnownFileType = sourcecode.swift; path = LaunchHostingController.swift; sourceTree = "<group>"; };
		85D359912B68E4BB0045E6EE /* LaunchView.swift */ = {isa = PBXFileReference; lastKnownFileType = sourcecode.swift; path = LaunchView.swift; sourceTree = "<group>"; };
		85D359932B68E5280045E6EE /* LaunchBuilder.swift */ = {isa = PBXFileReference; lastKnownFileType = sourcecode.swift; path = LaunchBuilder.swift; sourceTree = "<group>"; };
		85D8C1E92AAE7C8900697506 /* NewTurnView.swift */ = {isa = PBXFileReference; lastKnownFileType = sourcecode.swift; path = NewTurnView.swift; sourceTree = "<group>"; };
		85D8C1EB2AAE7C9300697506 /* NewRoundView.swift */ = {isa = PBXFileReference; lastKnownFileType = sourcecode.swift; path = NewRoundView.swift; sourceTree = "<group>"; };
		85D8C1EE2AAE7CC500697506 /* NewPhaseView.swift */ = {isa = PBXFileReference; lastKnownFileType = sourcecode.swift; path = NewPhaseView.swift; sourceTree = "<group>"; };
		85D8C1F02AAE813B00697506 /* DeprecatedGameNamespace.swift */ = {isa = PBXFileReference; lastKnownFileType = sourcecode.swift; path = DeprecatedGameNamespace.swift; sourceTree = "<group>"; };
		85D8C1F22AAE85C800697506 /* BackButtonTappedView.swift */ = {isa = PBXFileReference; lastKnownFileType = sourcecode.swift; path = BackButtonTappedView.swift; sourceTree = "<group>"; };
		85DB785B2A3684FE00D8A2A1 /* GameState.swift */ = {isa = PBXFileReference; lastKnownFileType = sourcecode.swift; path = GameState.swift; sourceTree = "<group>"; };
		85DB785D2A36850B00D8A2A1 /* Round.swift */ = {isa = PBXFileReference; lastKnownFileType = sourcecode.swift; path = Round.swift; sourceTree = "<group>"; };
		85DB785F2A36851300D8A2A1 /* Turn.swift */ = {isa = PBXFileReference; lastKnownFileType = sourcecode.swift; path = Turn.swift; sourceTree = "<group>"; };
		85DB78612A36851E00D8A2A1 /* CardProtocol+Impl.swift */ = {isa = PBXFileReference; lastKnownFileType = sourcecode.swift; path = "CardProtocol+Impl.swift"; sourceTree = "<group>"; };
		85DD62D32A33D42D00A6DA51 /* RussianHearts.app */ = {isa = PBXFileReference; explicitFileType = wrapper.application; includeInIndex = 0; path = RussianHearts.app; sourceTree = BUILT_PRODUCTS_DIR; };
		85DD62D62A33D42D00A6DA51 /* AppDelegate.swift */ = {isa = PBXFileReference; lastKnownFileType = sourcecode.swift; path = AppDelegate.swift; sourceTree = "<group>"; };
		85DD62D82A33D42D00A6DA51 /* SceneDelegate.swift */ = {isa = PBXFileReference; lastKnownFileType = sourcecode.swift; path = SceneDelegate.swift; sourceTree = "<group>"; };
		85DD62DA2A33D42D00A6DA51 /* DeprecatedGameViewController.swift */ = {isa = PBXFileReference; lastKnownFileType = sourcecode.swift; path = DeprecatedGameViewController.swift; sourceTree = "<group>"; };
		85DD62DF2A33D43E00A6DA51 /* Assets.xcassets */ = {isa = PBXFileReference; lastKnownFileType = folder.assetcatalog; path = Assets.xcassets; sourceTree = "<group>"; };
		85DD62E22A33D43E00A6DA51 /* Base */ = {isa = PBXFileReference; lastKnownFileType = file.storyboard; name = Base; path = Base.lproj/LaunchScreen.storyboard; sourceTree = "<group>"; };
		85DD62E42A33D43E00A6DA51 /* Info.plist */ = {isa = PBXFileReference; lastKnownFileType = text.plist.xml; path = Info.plist; sourceTree = "<group>"; };
		85DD62E92A33D43F00A6DA51 /* RussianHeartsTests.xctest */ = {isa = PBXFileReference; explicitFileType = wrapper.cfbundle; includeInIndex = 0; path = RussianHeartsTests.xctest; sourceTree = BUILT_PRODUCTS_DIR; };
		85DD62ED2A33D43F00A6DA51 /* RussianHeartsTests.swift */ = {isa = PBXFileReference; lastKnownFileType = sourcecode.swift; path = RussianHeartsTests.swift; sourceTree = "<group>"; };
		85DD62F32A33D43F00A6DA51 /* RussianHeartsUITests.xctest */ = {isa = PBXFileReference; explicitFileType = wrapper.cfbundle; includeInIndex = 0; path = RussianHeartsUITests.xctest; sourceTree = BUILT_PRODUCTS_DIR; };
		85DD62F72A33D43F00A6DA51 /* RussianHeartsUITests.swift */ = {isa = PBXFileReference; lastKnownFileType = sourcecode.swift; path = RussianHeartsUITests.swift; sourceTree = "<group>"; };
		85DD62F92A33D43F00A6DA51 /* RussianHeartsUITestsLaunchTests.swift */ = {isa = PBXFileReference; lastKnownFileType = sourcecode.swift; path = RussianHeartsUITestsLaunchTests.swift; sourceTree = "<group>"; };
		85E1812E2B0C0D1000292733 /* HighscoresMainView.swift */ = {isa = PBXFileReference; lastKnownFileType = sourcecode.swift; path = HighscoresMainView.swift; sourceTree = "<group>"; };
		85E181302B0CC89C00292733 /* RulesBuilder.swift */ = {isa = PBXFileReference; lastKnownFileType = sourcecode.swift; path = RulesBuilder.swift; sourceTree = "<group>"; };
		85E181322B0CC8A800292733 /* RulesViewController.swift */ = {isa = PBXFileReference; lastKnownFileType = sourcecode.swift; path = RulesViewController.swift; sourceTree = "<group>"; };
		85E181342B0CC8B000292733 /* RulesWorker.swift */ = {isa = PBXFileReference; lastKnownFileType = sourcecode.swift; path = RulesWorker.swift; sourceTree = "<group>"; };
		85E181372B0CC8C800292733 /* RulesMainView.swift */ = {isa = PBXFileReference; lastKnownFileType = sourcecode.swift; path = RulesMainView.swift; sourceTree = "<group>"; };
		85E181392B0CCBA300292733 /* FriendsBuilder.swift */ = {isa = PBXFileReference; lastKnownFileType = sourcecode.swift; path = FriendsBuilder.swift; sourceTree = "<group>"; };
		85E1813B2B0CCBAE00292733 /* FriendsViewController.swift */ = {isa = PBXFileReference; lastKnownFileType = sourcecode.swift; path = FriendsViewController.swift; sourceTree = "<group>"; };
		85E1813D2B0CCBBB00292733 /* FriendsWorker.swift */ = {isa = PBXFileReference; lastKnownFileType = sourcecode.swift; path = FriendsWorker.swift; sourceTree = "<group>"; };
		85E181402B0CCBCE00292733 /* FriendsMainView.swift */ = {isa = PBXFileReference; lastKnownFileType = sourcecode.swift; path = FriendsMainView.swift; sourceTree = "<group>"; };
		85E181432B0D6F9800292733 /* SettingsMainView.swift */ = {isa = PBXFileReference; lastKnownFileType = sourcecode.swift; path = SettingsMainView.swift; sourceTree = "<group>"; };
		85E181452B0D6FA200292733 /* SettingsBuilder.swift */ = {isa = PBXFileReference; lastKnownFileType = sourcecode.swift; path = SettingsBuilder.swift; sourceTree = "<group>"; };
		85E181472B0D6FAE00292733 /* SettingsViewController.swift */ = {isa = PBXFileReference; lastKnownFileType = sourcecode.swift; path = SettingsViewController.swift; sourceTree = "<group>"; };
		85E181492B0D6FB700292733 /* SettingsWorker.swift */ = {isa = PBXFileReference; lastKnownFileType = sourcecode.swift; path = SettingsWorker.swift; sourceTree = "<group>"; };
		85E1814B2B0DC23200292733 /* PlayerInfoView.swift */ = {isa = PBXFileReference; lastKnownFileType = sourcecode.swift; path = PlayerInfoView.swift; sourceTree = "<group>"; };
		85E1C4272C23493200873C6B /* Game+Models.swift */ = {isa = PBXFileReference; lastKnownFileType = sourcecode.swift; path = "Game+Models.swift"; sourceTree = "<group>"; };
		85E1C4292C23495F00873C6B /* GameBuilder.swift */ = {isa = PBXFileReference; lastKnownFileType = sourcecode.swift; path = GameBuilder.swift; sourceTree = "<group>"; };
		85E1C42B2C23496C00873C6B /* GameDelegate.swift */ = {isa = PBXFileReference; lastKnownFileType = sourcecode.swift; path = GameDelegate.swift; sourceTree = "<group>"; };
		85E1C42D2C23497C00873C6B /* GameHostingController.swift */ = {isa = PBXFileReference; lastKnownFileType = sourcecode.swift; path = GameHostingController.swift; sourceTree = "<group>"; };
		85E1C42F2C23498400873C6B /* GameTheme.swift */ = {isa = PBXFileReference; lastKnownFileType = sourcecode.swift; path = GameTheme.swift; sourceTree = "<group>"; };
		85E1C4312C23499000873C6B /* GameTransformer.swift */ = {isa = PBXFileReference; lastKnownFileType = sourcecode.swift; path = GameTransformer.swift; sourceTree = "<group>"; };
		85E1C4332C23499A00873C6B /* GameView.swift */ = {isa = PBXFileReference; lastKnownFileType = sourcecode.swift; path = GameView.swift; sourceTree = "<group>"; };
		85E1C4352C2349A300873C6B /* GameViewModel.swift */ = {isa = PBXFileReference; lastKnownFileType = sourcecode.swift; path = GameViewModel.swift; sourceTree = "<group>"; };
		85E24B3B2A8F8AC200157E70 /* ServiceManager.swift */ = {isa = PBXFileReference; lastKnownFileType = sourcecode.swift; path = ServiceManager.swift; sourceTree = "<group>"; };
		85E24B3D2A8F8ACD00157E70 /* ServiceFactory.swift */ = {isa = PBXFileReference; lastKnownFileType = sourcecode.swift; path = ServiceFactory.swift; sourceTree = "<group>"; };
		85E24B432A8F8B3100157E70 /* EntityAccessor.swift */ = {isa = PBXFileReference; lastKnownFileType = sourcecode.swift; path = EntityAccessor.swift; sourceTree = "<group>"; };
		85E24B472A8F8B4A00157E70 /* ServiceContracts.swift */ = {isa = PBXFileReference; lastKnownFileType = sourcecode.swift; path = ServiceContracts.swift; sourceTree = "<group>"; };
		85E24B572A955D3700157E70 /* SceneNamespace.swift */ = {isa = PBXFileReference; lastKnownFileType = sourcecode.swift; path = SceneNamespace.swift; sourceTree = "<group>"; };
		85E24B5B2A97A4F800157E70 /* EntityNamespace.swift */ = {isa = PBXFileReference; lastKnownFileType = sourcecode.swift; path = EntityNamespace.swift; sourceTree = "<group>"; };
		85E24B5D2A97A60B00157E70 /* GameEntity.swift */ = {isa = PBXFileReference; lastKnownFileType = sourcecode.swift; path = GameEntity.swift; sourceTree = "<group>"; };
		85E24B6C2A9B7B8200157E70 /* GameService.swift */ = {isa = PBXFileReference; lastKnownFileType = sourcecode.swift; path = GameService.swift; sourceTree = "<group>"; };
		85E4625C2B89D9F500A73187 /* MainMenuTheme.swift */ = {isa = PBXFileReference; fileEncoding = 4; lastKnownFileType = sourcecode.swift; path = MainMenuTheme.swift; sourceTree = "<group>"; };
		85E4625D2B89D9F500A73187 /* MainMenuTransformer.swift */ = {isa = PBXFileReference; fileEncoding = 4; lastKnownFileType = sourcecode.swift; path = MainMenuTransformer.swift; sourceTree = "<group>"; };
		85E4625E2B89D9F500A73187 /* MainMenuViewModel.swift */ = {isa = PBXFileReference; fileEncoding = 4; lastKnownFileType = sourcecode.swift; path = MainMenuViewModel.swift; sourceTree = "<group>"; };
		85E4625F2B89D9F500A73187 /* MainMenuDelegate.swift */ = {isa = PBXFileReference; fileEncoding = 4; lastKnownFileType = sourcecode.swift; path = MainMenuDelegate.swift; sourceTree = "<group>"; };
		85E462622B89D9F500A73187 /* MainMenuHostingController.swift */ = {isa = PBXFileReference; fileEncoding = 4; lastKnownFileType = sourcecode.swift; path = MainMenuHostingController.swift; sourceTree = "<group>"; };
		85E462632B89D9F500A73187 /* MainMenu+Models.swift */ = {isa = PBXFileReference; fileEncoding = 4; lastKnownFileType = sourcecode.swift; path = "MainMenu+Models.swift"; sourceTree = "<group>"; };
		85E462642B89D9F500A73187 /* MainMenuEntity.swift */ = {isa = PBXFileReference; fileEncoding = 4; lastKnownFileType = sourcecode.swift; path = MainMenuEntity.swift; sourceTree = "<group>"; };
		85E462652B89D9F500A73187 /* MainMenuBuilder.swift */ = {isa = PBXFileReference; fileEncoding = 4; lastKnownFileType = sourcecode.swift; path = MainMenuBuilder.swift; sourceTree = "<group>"; };
		85E462662B89D9F500A73187 /* MainMenuView.swift */ = {isa = PBXFileReference; fileEncoding = 4; lastKnownFileType = sourcecode.swift; path = MainMenuView.swift; sourceTree = "<group>"; };
		85E462712BA0882800A73187 /* NewGame+Models.swift */ = {isa = PBXFileReference; lastKnownFileType = sourcecode.swift; path = "NewGame+Models.swift"; sourceTree = "<group>"; };
		85E462732BA0885C00A73187 /* NewGameBuilder.swift */ = {isa = PBXFileReference; lastKnownFileType = sourcecode.swift; path = NewGameBuilder.swift; sourceTree = "<group>"; };
		85E462752BA0886600A73187 /* NewGameDelegate.swift */ = {isa = PBXFileReference; lastKnownFileType = sourcecode.swift; path = NewGameDelegate.swift; sourceTree = "<group>"; };
		85E462772BA0886D00A73187 /* NewGameEntity.swift */ = {isa = PBXFileReference; lastKnownFileType = sourcecode.swift; path = NewGameEntity.swift; sourceTree = "<group>"; };
		85E462792BA0887700A73187 /* NewGameHostingController.swift */ = {isa = PBXFileReference; lastKnownFileType = sourcecode.swift; path = NewGameHostingController.swift; sourceTree = "<group>"; };
		85E4627B2BA0887E00A73187 /* NewGameTheme.swift */ = {isa = PBXFileReference; lastKnownFileType = sourcecode.swift; path = NewGameTheme.swift; sourceTree = "<group>"; };
		85E4627D2BA0888700A73187 /* NewGameTransformer.swift */ = {isa = PBXFileReference; lastKnownFileType = sourcecode.swift; path = NewGameTransformer.swift; sourceTree = "<group>"; };
		85E4627F2BA0889000A73187 /* NewGameView.swift */ = {isa = PBXFileReference; lastKnownFileType = sourcecode.swift; path = NewGameView.swift; sourceTree = "<group>"; };
		85E462812BA0889A00A73187 /* NewGameViewModel.swift */ = {isa = PBXFileReference; lastKnownFileType = sourcecode.swift; path = NewGameViewModel.swift; sourceTree = "<group>"; };
		85FA15682B6EBD0A00050776 /* LaunchDelegate.swift */ = {isa = PBXFileReference; lastKnownFileType = sourcecode.swift; path = LaunchDelegate.swift; sourceTree = "<group>"; };
		85FA156B2B6EBDD700050776 /* LoadSavedDataUseCase.swift */ = {isa = PBXFileReference; lastKnownFileType = sourcecode.swift; path = LoadSavedDataUseCase.swift; sourceTree = "<group>"; };
		85FA156D2B6FD72200050776 /* Colors.xcassets */ = {isa = PBXFileReference; lastKnownFileType = folder.assetcatalog; path = Colors.xcassets; sourceTree = "<group>"; };
		85FA156F2B6FDA5E00050776 /* Colors.swift */ = {isa = PBXFileReference; lastKnownFileType = sourcecode.swift; path = Colors.swift; sourceTree = "<group>"; };
		85FA15792B7E598A00050776 /* GameService+UseCases.swift */ = {isa = PBXFileReference; lastKnownFileType = sourcecode.swift; path = "GameService+UseCases.swift"; sourceTree = "<group>"; };
		85FA157D2B7ECDEB00050776 /* LaunchEntity.swift */ = {isa = PBXFileReference; lastKnownFileType = sourcecode.swift; path = LaunchEntity.swift; sourceTree = "<group>"; };
		85FA15862B80BF6A00050776 /* Logger.swift */ = {isa = PBXFileReference; lastKnownFileType = sourcecode.swift; path = Logger.swift; sourceTree = "<group>"; };
/* End PBXFileReference section */

/* Begin PBXFrameworksBuildPhase section */
		85DD62D02A33D42D00A6DA51 /* Frameworks */ = {
			isa = PBXFrameworksBuildPhase;
			buildActionMask = 2147483647;
			files = (
			);
			runOnlyForDeploymentPostprocessing = 0;
		};
		85DD62E62A33D43F00A6DA51 /* Frameworks */ = {
			isa = PBXFrameworksBuildPhase;
			buildActionMask = 2147483647;
			files = (
			);
			runOnlyForDeploymentPostprocessing = 0;
		};
		85DD62F02A33D43F00A6DA51 /* Frameworks */ = {
			isa = PBXFrameworksBuildPhase;
			buildActionMask = 2147483647;
			files = (
			);
			runOnlyForDeploymentPostprocessing = 0;
		};
/* End PBXFrameworksBuildPhase section */

/* Begin PBXGroup section */
		851483FC2B466D4300774462 /* UI */ = {
			isa = PBXGroup;
			children = (
				85DD62D82A33D42D00A6DA51 /* SceneDelegate.swift */,
				85E24B572A955D3700157E70 /* SceneNamespace.swift */,
				85882F2D2A8B6B940092CAB5 /* SceneCoordinator.swift */,
				85882F332A8B6BEC0092CAB5 /* ModuleContracts.swift */,
				85882F372A8B6E7F0092CAB5 /* ModuleManager.swift */,
				85882F392A8B6E8D0092CAB5 /* ModuleFactory.swift */,
				85E24B392A8F891100157E70 /* Modules */,
			);
			path = UI;
			sourceTree = "<group>";
		};
		858478D12B35667D00B68D4E /* Extensions */ = {
			isa = PBXGroup;
			children = (
				858478D22B35669200B68D4E /* Array+Rotate.swift */,
				858478D62B38282600B68D4E /* Array+RemoveAt.swift */,
			);
			path = Extensions;
			sourceTree = "<group>";
		};
		858478D82B382CBD00B68D4E /* Cards */ = {
			isa = PBXGroup;
			children = (
				85DB78612A36851E00D8A2A1 /* CardProtocol+Impl.swift */,
				858478DB2B382CD600B68D4E /* NumberCard.swift */,
				858478D92B382CCE00B68D4E /* SpecialCard.swift */,
				8528CED22A3B3F360018620A /* Deck.swift */,
				8528CED42A3B3F950018620A /* DeckController.swift */,
			);
			path = Cards;
			sourceTree = "<group>";
		};
		858478DD2B3832AC00B68D4E /* UseCases */ = {
			isa = PBXGroup;
			children = (
				85C95BCA2B3CC71C00762ACA /* StartNewGameUseCase.swift */,
				858478E02B3832D500B68D4E /* RetrieveGameStateUseCase.swift */,
				858478E22B3832E900B68D4E /* EndTurnUseCase.swift */,
				85C95BC42B3CC28D00762ACA /* EndTrickUseCase.swift */,
				85C95BC62B3CC3BD00762ACA /* EndRoundUseCase.swift */,
			);
			path = UseCases;
			sourceTree = "<group>";
		};
		85D00EE92A9E27820037B2ED /* Views */ = {
			isa = PBXGroup;
			children = (
				85D00EEA2A9E27A40037B2ED /* DeprecatedPlayerSelector.swift */,
				853C68682B0B27E100C475BA /* DeprecatedNewGameMainView.swift */,
			);
			path = Views;
			sourceTree = "<group>";
		};
		85D355662C128C0C00003CC2 /* Supplementary */ = {
			isa = PBXGroup;
			children = (
				85D355672C128C4600003CC2 /* CardView.swift */,
				855747BB2C3588BF00479E62 /* DynamicallySizingHStack.swift */,
			);
			path = Supplementary;
			sourceTree = "<group>";
		};
		85D355692C128CB400003CC2 /* Deprecated */ = {
			isa = PBXGroup;
			children = (
				85E24B512A8F8EF700157E70 /* Views */,
				85D8C1F02AAE813B00697506 /* DeprecatedGameNamespace.swift */,
				85D00EEE2AA2FF800037B2ED /* DeprecatedGameBuilder.swift */,
				85DD62DA2A33D42D00A6DA51 /* DeprecatedGameViewController.swift */,
			);
			name = Deprecated;
			sourceTree = "<group>";
		};
		85DD62CA2A33D42C00A6DA51 = {
			isa = PBXGroup;
			children = (
				85DD62D52A33D42D00A6DA51 /* RussianHearts */,
				85DD62EC2A33D43F00A6DA51 /* RussianHeartsTests */,
				85DD62F62A33D43F00A6DA51 /* RussianHeartsUITests */,
				85DD62D42A33D42D00A6DA51 /* Products */,
			);
			sourceTree = "<group>";
		};
		85DD62D42A33D42D00A6DA51 /* Products */ = {
			isa = PBXGroup;
			children = (
				85DD62D32A33D42D00A6DA51 /* RussianHearts.app */,
				85DD62E92A33D43F00A6DA51 /* RussianHeartsTests.xctest */,
				85DD62F32A33D43F00A6DA51 /* RussianHeartsUITests.xctest */,
			);
			name = Products;
			sourceTree = "<group>";
		};
		85DD62D52A33D42D00A6DA51 /* RussianHearts */ = {
			isa = PBXGroup;
			children = (
				85E24B352A8F879600157E70 /* Resources */,
				85E24B362A8F87C200157E70 /* Source */,
			);
			path = RussianHearts;
			sourceTree = "<group>";
		};
		85DD62EC2A33D43F00A6DA51 /* RussianHeartsTests */ = {
			isa = PBXGroup;
			children = (
				85DD62ED2A33D43F00A6DA51 /* RussianHeartsTests.swift */,
			);
			path = RussianHeartsTests;
			sourceTree = "<group>";
		};
		85DD62F62A33D43F00A6DA51 /* RussianHeartsUITests */ = {
			isa = PBXGroup;
			children = (
				85DD62F72A33D43F00A6DA51 /* RussianHeartsUITests.swift */,
				85DD62F92A33D43F00A6DA51 /* RussianHeartsUITestsLaunchTests.swift */,
			);
			path = RussianHeartsUITests;
			sourceTree = "<group>";
		};
		85E1812D2B0C0D0100292733 /* Views */ = {
			isa = PBXGroup;
			children = (
				85E1812E2B0C0D1000292733 /* HighscoresMainView.swift */,
			);
			path = Views;
			sourceTree = "<group>";
		};
		85E181362B0CC8BA00292733 /* Views */ = {
			isa = PBXGroup;
			children = (
				85E181372B0CC8C800292733 /* RulesMainView.swift */,
			);
			path = Views;
			sourceTree = "<group>";
		};
		85E1813F2B0CCBC000292733 /* Views */ = {
			isa = PBXGroup;
			children = (
				85E181402B0CCBCE00292733 /* FriendsMainView.swift */,
			);
			path = Views;
			sourceTree = "<group>";
		};
		85E181422B0D6F8C00292733 /* Views */ = {
			isa = PBXGroup;
			children = (
				85E181432B0D6F9800292733 /* SettingsMainView.swift */,
			);
			path = Views;
			sourceTree = "<group>";
		};
		85E24B352A8F879600157E70 /* Resources */ = {
			isa = PBXGroup;
			children = (
				8528CECE2A3998B10018620A /* Assets.swift */,
				85FA156F2B6FDA5E00050776 /* Colors.swift */,
				85CA27582A5B4C33003F1CD5 /* Constants.swift */,
				85DD62DF2A33D43E00A6DA51 /* Assets.xcassets */,
				85FA156D2B6FD72200050776 /* Colors.xcassets */,
				85DD62E42A33D43E00A6DA51 /* Info.plist */,
				85DD62E12A33D43E00A6DA51 /* LaunchScreen.storyboard */,
			);
			path = Resources;
			sourceTree = "<group>";
		};
		85E24B362A8F87C200157E70 /* Source */ = {
			isa = PBXGroup;
			children = (
				85DD62D62A33D42D00A6DA51 /* AppDelegate.swift */,
				85FA15852B80BF5700050776 /* Logging */,
				858478D12B35667D00B68D4E /* Extensions */,
				85E24B402A8F8B0900157E70 /* Entities */,
				85E24B3F2A8F8AF400157E70 /* Services */,
				851483FC2B466D4300774462 /* UI */,
			);
			path = Source;
			sourceTree = "<group>";
		};
		85E24B392A8F891100157E70 /* Modules */ = {
			isa = PBXGroup;
			children = (
				85E24B3A2A8F894600157E70 /* Launch */,
				85E24B4C2A8F8E8500157E70 /* MainMenu */,
				85E24B4D2A8F8EA200157E70 /* NewGame */,
				85E24B4E2A8F8EB700157E70 /* Game */,
				85E24B4F2A8F8EC100157E70 /* Highscores */,
				85E24B782A9D357500157E70 /* Rules */,
				85E24B502A8F8ECC00157E70 /* Friends */,
				85E24B792A9D35E300157E70 /* Settings */,
			);
			path = Modules;
			sourceTree = "<group>";
		};
		85E24B3A2A8F894600157E70 /* Launch */ = {
			isa = PBXGroup;
			children = (
				85FA156A2B6EBDCA00050776 /* UseCases */,
				85D359932B68E5280045E6EE /* LaunchBuilder.swift */,
				85FA15682B6EBD0A00050776 /* LaunchDelegate.swift */,
				85D3598F2B68E4620045E6EE /* LaunchHostingController.swift */,
				85D359872B68E3EC0045E6EE /* Launch+Models.swift */,
				85FA157D2B7ECDEB00050776 /* LaunchEntity.swift */,
				85D3598B2B68E4110045E6EE /* LaunchTransformer.swift */,
				85D3598D2B68E41C0045E6EE /* LaunchTheme.swift */,
				85D359892B68E4070045E6EE /* LaunchViewModel.swift */,
				85D359912B68E4BB0045E6EE /* LaunchView.swift */,
			);
			path = Launch;
			sourceTree = "<group>";
		};
		85E24B3F2A8F8AF400157E70 /* Services */ = {
			isa = PBXGroup;
			children = (
				85C95BC22B3CA59F00762ACA /* TaskManager.swift */,
				85E24B472A8F8B4A00157E70 /* ServiceContracts.swift */,
				85E24B3B2A8F8AC200157E70 /* ServiceManager.swift */,
				85E24B3D2A8F8ACD00157E70 /* ServiceFactory.swift */,
				85E24B492A8F8B6E00157E70 /* GameService */,
			);
			path = Services;
			sourceTree = "<group>";
		};
		85E24B402A8F8B0900157E70 /* Entities */ = {
			isa = PBXGroup;
			children = (
				85E24B5B2A97A4F800157E70 /* EntityNamespace.swift */,
				85E24B432A8F8B3100157E70 /* EntityAccessor.swift */,
				858478CF2B32E48900B68D4E /* ModelProtocols.swift */,
			);
			path = Entities;
			sourceTree = "<group>";
		};
		85E24B492A8F8B6E00157E70 /* GameService */ = {
			isa = PBXGroup;
			children = (
				85E24B4A2A8F8DFA00157E70 /* Models */,
				858478DD2B3832AC00B68D4E /* UseCases */,
				85E24B6C2A9B7B8200157E70 /* GameService.swift */,
				85FA15792B7E598A00050776 /* GameService+UseCases.swift */,
			);
			path = GameService;
			sourceTree = "<group>";
		};
		85E24B4A2A8F8DFA00157E70 /* Models */ = {
			isa = PBXGroup;
			children = (
				858478D82B382CBD00B68D4E /* Cards */,
				85E24B5D2A97A60B00157E70 /* GameEntity.swift */,
				85DB785B2A3684FE00D8A2A1 /* GameState.swift */,
				85DB785D2A36850B00D8A2A1 /* Round.swift */,
				8528CED82A3EF9EF0018620A /* Trick.swift */,
				85DB785F2A36851300D8A2A1 /* Turn.swift */,
				8528CEC62A391F330018620A /* Player.swift */,
				8528CECC2A39212F0018620A /* Bid.swift */,
			);
			path = Models;
			sourceTree = "<group>";
		};
		85E24B4C2A8F8E8500157E70 /* MainMenu */ = {
			isa = PBXGroup;
			children = (
				85E462602B89D9F500A73187 /* UseCases */,
				85E462632B89D9F500A73187 /* MainMenu+Models.swift */,
				85E462652B89D9F500A73187 /* MainMenuBuilder.swift */,
				85E4625F2B89D9F500A73187 /* MainMenuDelegate.swift */,
				85E462642B89D9F500A73187 /* MainMenuEntity.swift */,
				85E462622B89D9F500A73187 /* MainMenuHostingController.swift */,
				85E4625C2B89D9F500A73187 /* MainMenuTheme.swift */,
				85E4625D2B89D9F500A73187 /* MainMenuTransformer.swift */,
				85E462662B89D9F500A73187 /* MainMenuView.swift */,
				85E4625E2B89D9F500A73187 /* MainMenuViewModel.swift */,
			);
			path = MainMenu;
			sourceTree = "<group>";
		};
		85E24B4D2A8F8EA200157E70 /* NewGame */ = {
			isa = PBXGroup;
			children = (
				85E462832BA088A800A73187 /* UseCases */,
				85E462712BA0882800A73187 /* NewGame+Models.swift */,
				85E462732BA0885C00A73187 /* NewGameBuilder.swift */,
				85E462752BA0886600A73187 /* NewGameDelegate.swift */,
				85E462772BA0886D00A73187 /* NewGameEntity.swift */,
				85E462792BA0887700A73187 /* NewGameHostingController.swift */,
				85E4627B2BA0887E00A73187 /* NewGameTheme.swift */,
				85E4627D2BA0888700A73187 /* NewGameTransformer.swift */,
				85E4627F2BA0889000A73187 /* NewGameView.swift */,
				85E462812BA0889A00A73187 /* NewGameViewModel.swift */,
				85D00EE92A9E27820037B2ED /* Views */,
			);
			path = NewGame;
			sourceTree = "<group>";
		};
		85E24B4E2A8F8EB700157E70 /* Game */ = {
			isa = PBXGroup;
			children = (
				85D355662C128C0C00003CC2 /* Supplementary */,
				85E1C4272C23493200873C6B /* Game+Models.swift */,
				85E1C4292C23495F00873C6B /* GameBuilder.swift */,
				85E1C42B2C23496C00873C6B /* GameDelegate.swift */,
				85E1C42D2C23497C00873C6B /* GameHostingController.swift */,
				85E1C42F2C23498400873C6B /* GameTheme.swift */,
				85E1C4312C23499000873C6B /* GameTransformer.swift */,
				85E1C4332C23499A00873C6B /* GameView.swift */,
				85CF856B2C6BACA0006530EF /* GameViewRedo.swift */,
				85E1C4352C2349A300873C6B /* GameViewModel.swift */,
				85D355692C128CB400003CC2 /* Deprecated */,
			);
			path = Game;
			sourceTree = "<group>";
		};
		85E24B4F2A8F8EC100157E70 /* Highscores */ = {
			isa = PBXGroup;
			children = (
				85E1812D2B0C0D0100292733 /* Views */,
				85C93FF12AB974CB0034EBA4 /* HighscoresBuilder.swift */,
				85C93FF32AB974DE0034EBA4 /* HighscoresViewController.swift */,
				85C93FF72AB975090034EBA4 /* HighscoresWorker.swift */,
			);
			path = Highscores;
			sourceTree = "<group>";
		};
		85E24B502A8F8ECC00157E70 /* Friends */ = {
			isa = PBXGroup;
			children = (
				85E1813F2B0CCBC000292733 /* Views */,
				85E181392B0CCBA300292733 /* FriendsBuilder.swift */,
				85E1813B2B0CCBAE00292733 /* FriendsViewController.swift */,
				85E1813D2B0CCBBB00292733 /* FriendsWorker.swift */,
			);
			path = Friends;
			sourceTree = "<group>";
		};
		85E24B512A8F8EF700157E70 /* Views */ = {
			isa = PBXGroup;
			children = (
				8528CEE12A402B0C0018620A /* NumberCardView.swift */,
				8528CEEB2A4BA2BE0018620A /* SpecialCardView.swift */,
				85D00EF82AA3E2050037B2ED /* HandView.swift */,
				85E1814B2B0DC23200292733 /* PlayerInfoView.swift */,
				85D00EFA2AA7EF570037B2ED /* PlayAreaView.swift */,
				85D00EFC2AAD31810037B2ED /* GameAlertView.swift */,
				85D8C1F22AAE85C800697506 /* BackButtonTappedView.swift */,
				85D8C1E92AAE7C8900697506 /* NewTurnView.swift */,
				85D8C1EE2AAE7CC500697506 /* NewPhaseView.swift */,
				85D8C1EB2AAE7C9300697506 /* NewRoundView.swift */,
				8541F2EA2AAFD29100208757 /* GameOverView.swift */,
				853C686A2B0BA7CC00C475BA /* GameMainView.swift */,
			);
			path = Views;
			sourceTree = "<group>";
		};
		85E24B782A9D357500157E70 /* Rules */ = {
			isa = PBXGroup;
			children = (
				85E181362B0CC8BA00292733 /* Views */,
				85E181302B0CC89C00292733 /* RulesBuilder.swift */,
				85E181322B0CC8A800292733 /* RulesViewController.swift */,
				85E181342B0CC8B000292733 /* RulesWorker.swift */,
			);
			path = Rules;
			sourceTree = "<group>";
		};
		85E24B792A9D35E300157E70 /* Settings */ = {
			isa = PBXGroup;
			children = (
				85E181422B0D6F8C00292733 /* Views */,
				85E181452B0D6FA200292733 /* SettingsBuilder.swift */,
				85E181472B0D6FAE00292733 /* SettingsViewController.swift */,
				85E181492B0D6FB700292733 /* SettingsWorker.swift */,
			);
			path = Settings;
			sourceTree = "<group>";
		};
		85E462602B89D9F500A73187 /* UseCases */ = {
			isa = PBXGroup;
			children = (
			);
			path = UseCases;
			sourceTree = "<group>";
		};
		85E462832BA088A800A73187 /* UseCases */ = {
			isa = PBXGroup;
			children = (
			);
			path = UseCases;
			sourceTree = "<group>";
		};
		85FA156A2B6EBDCA00050776 /* UseCases */ = {
			isa = PBXGroup;
			children = (
				85FA156B2B6EBDD700050776 /* LoadSavedDataUseCase.swift */,
			);
			path = UseCases;
			sourceTree = "<group>";
		};
		85FA15852B80BF5700050776 /* Logging */ = {
			isa = PBXGroup;
			children = (
				85FA15862B80BF6A00050776 /* Logger.swift */,
			);
			path = Logging;
			sourceTree = "<group>";
		};
/* End PBXGroup section */

/* Begin PBXNativeTarget section */
		85DD62D22A33D42D00A6DA51 /* RussianHearts */ = {
			isa = PBXNativeTarget;
			buildConfigurationList = 85DD62FD2A33D43F00A6DA51 /* Build configuration list for PBXNativeTarget "RussianHearts" */;
			buildPhases = (
				85DD62CF2A33D42D00A6DA51 /* Sources */,
				85DD62D02A33D42D00A6DA51 /* Frameworks */,
				85DD62D12A33D42D00A6DA51 /* Resources */,
			);
			buildRules = (
			);
			dependencies = (
			);
			name = RussianHearts;
			productName = RussianHearts;
			productReference = 85DD62D32A33D42D00A6DA51 /* RussianHearts.app */;
			productType = "com.apple.product-type.application";
		};
		85DD62E82A33D43F00A6DA51 /* RussianHeartsTests */ = {
			isa = PBXNativeTarget;
			buildConfigurationList = 85DD63002A33D43F00A6DA51 /* Build configuration list for PBXNativeTarget "RussianHeartsTests" */;
			buildPhases = (
				85DD62E52A33D43F00A6DA51 /* Sources */,
				85DD62E62A33D43F00A6DA51 /* Frameworks */,
				85DD62E72A33D43F00A6DA51 /* Resources */,
			);
			buildRules = (
			);
			dependencies = (
				85DD62EB2A33D43F00A6DA51 /* PBXTargetDependency */,
			);
			name = RussianHeartsTests;
			productName = RussianHeartsTests;
			productReference = 85DD62E92A33D43F00A6DA51 /* RussianHeartsTests.xctest */;
			productType = "com.apple.product-type.bundle.unit-test";
		};
		85DD62F22A33D43F00A6DA51 /* RussianHeartsUITests */ = {
			isa = PBXNativeTarget;
			buildConfigurationList = 85DD63032A33D43F00A6DA51 /* Build configuration list for PBXNativeTarget "RussianHeartsUITests" */;
			buildPhases = (
				85DD62EF2A33D43F00A6DA51 /* Sources */,
				85DD62F02A33D43F00A6DA51 /* Frameworks */,
				85DD62F12A33D43F00A6DA51 /* Resources */,
			);
			buildRules = (
			);
			dependencies = (
				85DD62F52A33D43F00A6DA51 /* PBXTargetDependency */,
			);
			name = RussianHeartsUITests;
			productName = RussianHeartsUITests;
			productReference = 85DD62F32A33D43F00A6DA51 /* RussianHeartsUITests.xctest */;
			productType = "com.apple.product-type.bundle.ui-testing";
		};
/* End PBXNativeTarget section */

/* Begin PBXProject section */
		85DD62CB2A33D42C00A6DA51 /* Project object */ = {
			isa = PBXProject;
			attributes = {
				BuildIndependentTargetsInParallel = 1;
				LastSwiftUpdateCheck = 1420;
				LastUpgradeCheck = 1420;
				TargetAttributes = {
					85DD62D22A33D42D00A6DA51 = {
						CreatedOnToolsVersion = 14.2;
					};
					85DD62E82A33D43F00A6DA51 = {
						CreatedOnToolsVersion = 14.2;
						TestTargetID = 85DD62D22A33D42D00A6DA51;
					};
					85DD62F22A33D43F00A6DA51 = {
						CreatedOnToolsVersion = 14.2;
						TestTargetID = 85DD62D22A33D42D00A6DA51;
					};
				};
			};
			buildConfigurationList = 85DD62CE2A33D42C00A6DA51 /* Build configuration list for PBXProject "RussianHearts" */;
			compatibilityVersion = "Xcode 14.0";
			developmentRegion = en;
			hasScannedForEncodings = 0;
			knownRegions = (
				en,
				Base,
			);
			mainGroup = 85DD62CA2A33D42C00A6DA51;
			productRefGroup = 85DD62D42A33D42D00A6DA51 /* Products */;
			projectDirPath = "";
			projectRoot = "";
			targets = (
				85DD62D22A33D42D00A6DA51 /* RussianHearts */,
				85DD62E82A33D43F00A6DA51 /* RussianHeartsTests */,
				85DD62F22A33D43F00A6DA51 /* RussianHeartsUITests */,
			);
		};
/* End PBXProject section */

/* Begin PBXResourcesBuildPhase section */
		85DD62D12A33D42D00A6DA51 /* Resources */ = {
			isa = PBXResourcesBuildPhase;
			buildActionMask = 2147483647;
			files = (
				85FA156E2B6FD72200050776 /* Colors.xcassets in Resources */,
				85DD62E32A33D43E00A6DA51 /* LaunchScreen.storyboard in Resources */,
				85DD62E02A33D43E00A6DA51 /* Assets.xcassets in Resources */,
			);
			runOnlyForDeploymentPostprocessing = 0;
		};
		85DD62E72A33D43F00A6DA51 /* Resources */ = {
			isa = PBXResourcesBuildPhase;
			buildActionMask = 2147483647;
			files = (
			);
			runOnlyForDeploymentPostprocessing = 0;
		};
		85DD62F12A33D43F00A6DA51 /* Resources */ = {
			isa = PBXResourcesBuildPhase;
			buildActionMask = 2147483647;
			files = (
			);
			runOnlyForDeploymentPostprocessing = 0;
		};
/* End PBXResourcesBuildPhase section */

/* Begin PBXSourcesBuildPhase section */
		85DD62CF2A33D42D00A6DA51 /* Sources */ = {
			isa = PBXSourcesBuildPhase;
			buildActionMask = 2147483647;
			files = (
				85E1812F2B0C0D1000292733 /* HighscoresMainView.swift in Sources */,
				85D8C1F12AAE813B00697506 /* DeprecatedGameNamespace.swift in Sources */,
				85E1813A2B0CCBA300292733 /* FriendsBuilder.swift in Sources */,
				85E1814C2B0DC23200292733 /* PlayerInfoView.swift in Sources */,
				85FA15692B6EBD0A00050776 /* LaunchDelegate.swift in Sources */,
				85E24B3E2A8F8ACD00157E70 /* ServiceFactory.swift in Sources */,
				8528CED52A3B3F950018620A /* DeckController.swift in Sources */,
				8528CED32A3B3F360018620A /* Deck.swift in Sources */,
				85C95BC32B3CA59F00762ACA /* TaskManager.swift in Sources */,
				85E181482B0D6FAE00292733 /* SettingsViewController.swift in Sources */,
				85E462702B89D9F600A73187 /* MainMenuView.swift in Sources */,
				85E4626A2B89D9F600A73187 /* MainMenuDelegate.swift in Sources */,
				85E1C42C2C23496C00873C6B /* GameDelegate.swift in Sources */,
				85DD62DB2A33D42D00A6DA51 /* DeprecatedGameViewController.swift in Sources */,
				85FA157E2B7ECDEB00050776 /* LaunchEntity.swift in Sources */,
				85E181312B0CC89C00292733 /* RulesBuilder.swift in Sources */,
				85CA27592A5B4C33003F1CD5 /* Constants.swift in Sources */,
				85D359942B68E5280045E6EE /* LaunchBuilder.swift in Sources */,
				85D359882B68E3EC0045E6EE /* Launch+Models.swift in Sources */,
				85E181382B0CC8C800292733 /* RulesMainView.swift in Sources */,
				85E24B6D2A9B7B8200157E70 /* GameService.swift in Sources */,
				8541F2EB2AAFD29200208757 /* GameOverView.swift in Sources */,
				85E1C42A2C23495F00873C6B /* GameBuilder.swift in Sources */,
				85CF856C2C6BACA0006530EF /* GameViewRedo.swift in Sources */,
				85C95BC52B3CC28D00762ACA /* EndTrickUseCase.swift in Sources */,
				85E181412B0CCBCE00292733 /* FriendsMainView.swift in Sources */,
				85DB785E2A36850B00D8A2A1 /* Round.swift in Sources */,
				85E462742BA0885C00A73187 /* NewGameBuilder.swift in Sources */,
				85E462802BA0889000A73187 /* NewGameView.swift in Sources */,
				858478DA2B382CCE00B68D4E /* SpecialCard.swift in Sources */,
				858478DC2B382CD600B68D4E /* NumberCard.swift in Sources */,
				853C68692B0B27E100C475BA /* DeprecatedNewGameMainView.swift in Sources */,
				858478D02B32E48900B68D4E /* ModelProtocols.swift in Sources */,
				85FA15872B80BF6A00050776 /* Logger.swift in Sources */,
				85D3598E2B68E41C0045E6EE /* LaunchTheme.swift in Sources */,
				85D3598C2B68E4110045E6EE /* LaunchTransformer.swift in Sources */,
				85E462692B89D9F600A73187 /* MainMenuViewModel.swift in Sources */,
				8528CEC72A391F330018620A /* Player.swift in Sources */,
				85E24B3C2A8F8AC200157E70 /* ServiceManager.swift in Sources */,
				85D00EF92AA3E2050037B2ED /* HandView.swift in Sources */,
				85882F382A8B6E7F0092CAB5 /* ModuleManager.swift in Sources */,
				85D8C1EF2AAE7CC500697506 /* NewPhaseView.swift in Sources */,
				85E1C4322C23499000873C6B /* GameTransformer.swift in Sources */,
				85E24B5E2A97A60B00157E70 /* GameEntity.swift in Sources */,
				85882F3A2A8B6E8D0092CAB5 /* ModuleFactory.swift in Sources */,
				85E1C4282C23493200873C6B /* Game+Models.swift in Sources */,
				85D359902B68E4620045E6EE /* LaunchHostingController.swift in Sources */,
				85DB785C2A3684FE00D8A2A1 /* GameState.swift in Sources */,
				858478D32B35669200B68D4E /* Array+Rotate.swift in Sources */,
				85E24B442A8F8B3100157E70 /* EntityAccessor.swift in Sources */,
				85D359922B68E4BB0045E6EE /* LaunchView.swift in Sources */,
				85E462822BA0889A00A73187 /* NewGameViewModel.swift in Sources */,
				85D8C1F32AAE85C800697506 /* BackButtonTappedView.swift in Sources */,
				85E462672B89D9F600A73187 /* MainMenuTheme.swift in Sources */,
				85E24B5C2A97A4F800157E70 /* EntityNamespace.swift in Sources */,
				85E462782BA0886D00A73187 /* NewGameEntity.swift in Sources */,
				85DB78622A36851E00D8A2A1 /* CardProtocol+Impl.swift in Sources */,
				85D355682C128C4600003CC2 /* CardView.swift in Sources */,
				85E4626C2B89D9F600A73187 /* MainMenuHostingController.swift in Sources */,
				85E1C4362C2349A300873C6B /* GameViewModel.swift in Sources */,
				85C93FF42AB974DE0034EBA4 /* HighscoresViewController.swift in Sources */,
				85E181352B0CC8B000292733 /* RulesWorker.swift in Sources */,
				858478E32B3832E900B68D4E /* EndTurnUseCase.swift in Sources */,
				85E24B482A8F8B4A00157E70 /* ServiceContracts.swift in Sources */,
				85C93FF22AB974CB0034EBA4 /* HighscoresBuilder.swift in Sources */,
				85E1814A2B0D6FB700292733 /* SettingsWorker.swift in Sources */,
				8528CED92A3EF9EF0018620A /* Trick.swift in Sources */,
				8528CECF2A3998B10018620A /* Assets.swift in Sources */,
				85E1813C2B0CCBAE00292733 /* FriendsViewController.swift in Sources */,
				85882F2E2A8B6B940092CAB5 /* SceneCoordinator.swift in Sources */,
				85C95BCB2B3CC71C00762ACA /* StartNewGameUseCase.swift in Sources */,
				85D00EFD2AAD31810037B2ED /* GameAlertView.swift in Sources */,
				85DD62D72A33D42D00A6DA51 /* AppDelegate.swift in Sources */,
				85D8C1EC2AAE7C9300697506 /* NewRoundView.swift in Sources */,
				85E462722BA0882800A73187 /* NewGame+Models.swift in Sources */,
				85E4627A2BA0887700A73187 /* NewGameHostingController.swift in Sources */,
				858478D72B38282600B68D4E /* Array+RemoveAt.swift in Sources */,
				853C686B2B0BA7CC00C475BA /* GameMainView.swift in Sources */,
				85E1C4342C23499A00873C6B /* GameView.swift in Sources */,
				85FA156C2B6EBDD700050776 /* LoadSavedDataUseCase.swift in Sources */,
				85E24B582A955D3700157E70 /* SceneNamespace.swift in Sources */,
				85E4626E2B89D9F600A73187 /* MainMenuEntity.swift in Sources */,
				85E4626F2B89D9F600A73187 /* MainMenuBuilder.swift in Sources */,
				85E1C4302C23498400873C6B /* GameTheme.swift in Sources */,
				858478E12B3832D500B68D4E /* RetrieveGameStateUseCase.swift in Sources */,
				85E181462B0D6FA200292733 /* SettingsBuilder.swift in Sources */,
				85C93FF82AB975090034EBA4 /* HighscoresWorker.swift in Sources */,
				85E4627C2BA0887E00A73187 /* NewGameTheme.swift in Sources */,
				85D8C1EA2AAE7C8900697506 /* NewTurnView.swift in Sources */,
				85FA15702B6FDA5E00050776 /* Colors.swift in Sources */,
				85C95BC72B3CC3BD00762ACA /* EndRoundUseCase.swift in Sources */,
				85E4626D2B89D9F600A73187 /* MainMenu+Models.swift in Sources */,
				85E1C42E2C23497C00873C6B /* GameHostingController.swift in Sources */,
				8528CECD2A39212F0018620A /* Bid.swift in Sources */,
				855747BC2C3588BF00479E62 /* DynamicallySizingHStack.swift in Sources */,
				85E4627E2BA0888700A73187 /* NewGameTransformer.swift in Sources */,
				85DB78602A36851300D8A2A1 /* Turn.swift in Sources */,
				85E1813E2B0CCBBB00292733 /* FriendsWorker.swift in Sources */,
				8528CEE22A402B0C0018620A /* NumberCardView.swift in Sources */,
				8528CEEC2A4BA2BE0018620A /* SpecialCardView.swift in Sources */,
				85D00EEB2A9E27A40037B2ED /* DeprecatedPlayerSelector.swift in Sources */,
				85FA157A2B7E598A00050776 /* GameService+UseCases.swift in Sources */,
				85E462762BA0886600A73187 /* NewGameDelegate.swift in Sources */,
				85DD62D92A33D42D00A6DA51 /* SceneDelegate.swift in Sources */,
				85D00EFB2AA7EF570037B2ED /* PlayAreaView.swift in Sources */,
				85E462682B89D9F600A73187 /* MainMenuTransformer.swift in Sources */,
				85E181442B0D6F9800292733 /* SettingsMainView.swift in Sources */,
				85882F342A8B6BEC0092CAB5 /* ModuleContracts.swift in Sources */,
				85D3598A2B68E4070045E6EE /* LaunchViewModel.swift in Sources */,
				85E181332B0CC8A800292733 /* RulesViewController.swift in Sources */,
				85D00EEF2AA2FF800037B2ED /* DeprecatedGameBuilder.swift in Sources */,
			);
			runOnlyForDeploymentPostprocessing = 0;
		};
		85DD62E52A33D43F00A6DA51 /* Sources */ = {
			isa = PBXSourcesBuildPhase;
			buildActionMask = 2147483647;
			files = (
				85DD62EE2A33D43F00A6DA51 /* RussianHeartsTests.swift in Sources */,
			);
			runOnlyForDeploymentPostprocessing = 0;
		};
		85DD62EF2A33D43F00A6DA51 /* Sources */ = {
			isa = PBXSourcesBuildPhase;
			buildActionMask = 2147483647;
			files = (
				85DD62F82A33D43F00A6DA51 /* RussianHeartsUITests.swift in Sources */,
				85DD62FA2A33D43F00A6DA51 /* RussianHeartsUITestsLaunchTests.swift in Sources */,
			);
			runOnlyForDeploymentPostprocessing = 0;
		};
/* End PBXSourcesBuildPhase section */

/* Begin PBXTargetDependency section */
		85DD62EB2A33D43F00A6DA51 /* PBXTargetDependency */ = {
			isa = PBXTargetDependency;
			target = 85DD62D22A33D42D00A6DA51 /* RussianHearts */;
			targetProxy = 85DD62EA2A33D43F00A6DA51 /* PBXContainerItemProxy */;
		};
		85DD62F52A33D43F00A6DA51 /* PBXTargetDependency */ = {
			isa = PBXTargetDependency;
			target = 85DD62D22A33D42D00A6DA51 /* RussianHearts */;
			targetProxy = 85DD62F42A33D43F00A6DA51 /* PBXContainerItemProxy */;
		};
/* End PBXTargetDependency section */

/* Begin PBXVariantGroup section */
		85DD62E12A33D43E00A6DA51 /* LaunchScreen.storyboard */ = {
			isa = PBXVariantGroup;
			children = (
				85DD62E22A33D43E00A6DA51 /* Base */,
			);
			name = LaunchScreen.storyboard;
			sourceTree = "<group>";
		};
/* End PBXVariantGroup section */

/* Begin XCBuildConfiguration section */
		85DD62FB2A33D43F00A6DA51 /* Debug */ = {
			isa = XCBuildConfiguration;
			buildSettings = {
				ALWAYS_SEARCH_USER_PATHS = NO;
				CLANG_ANALYZER_NONNULL = YES;
				CLANG_ANALYZER_NUMBER_OBJECT_CONVERSION = YES_AGGRESSIVE;
				CLANG_CXX_LANGUAGE_STANDARD = "gnu++20";
				CLANG_ENABLE_MODULES = YES;
				CLANG_ENABLE_OBJC_ARC = YES;
				CLANG_ENABLE_OBJC_WEAK = YES;
				CLANG_WARN_BLOCK_CAPTURE_AUTORELEASING = YES;
				CLANG_WARN_BOOL_CONVERSION = YES;
				CLANG_WARN_COMMA = YES;
				CLANG_WARN_CONSTANT_CONVERSION = YES;
				CLANG_WARN_DEPRECATED_OBJC_IMPLEMENTATIONS = YES;
				CLANG_WARN_DIRECT_OBJC_ISA_USAGE = YES_ERROR;
				CLANG_WARN_DOCUMENTATION_COMMENTS = YES;
				CLANG_WARN_EMPTY_BODY = YES;
				CLANG_WARN_ENUM_CONVERSION = YES;
				CLANG_WARN_INFINITE_RECURSION = YES;
				CLANG_WARN_INT_CONVERSION = YES;
				CLANG_WARN_NON_LITERAL_NULL_CONVERSION = YES;
				CLANG_WARN_OBJC_IMPLICIT_RETAIN_SELF = YES;
				CLANG_WARN_OBJC_LITERAL_CONVERSION = YES;
				CLANG_WARN_OBJC_ROOT_CLASS = YES_ERROR;
				CLANG_WARN_QUOTED_INCLUDE_IN_FRAMEWORK_HEADER = YES;
				CLANG_WARN_RANGE_LOOP_ANALYSIS = YES;
				CLANG_WARN_STRICT_PROTOTYPES = YES;
				CLANG_WARN_SUSPICIOUS_MOVE = YES;
				CLANG_WARN_UNGUARDED_AVAILABILITY = YES_AGGRESSIVE;
				CLANG_WARN_UNREACHABLE_CODE = YES;
				CLANG_WARN__DUPLICATE_METHOD_MATCH = YES;
				COPY_PHASE_STRIP = NO;
				DEBUG_INFORMATION_FORMAT = dwarf;
				ENABLE_STRICT_OBJC_MSGSEND = YES;
				ENABLE_TESTABILITY = YES;
				GCC_C_LANGUAGE_STANDARD = gnu11;
				GCC_DYNAMIC_NO_PIC = NO;
				GCC_NO_COMMON_BLOCKS = YES;
				GCC_OPTIMIZATION_LEVEL = 0;
				GCC_PREPROCESSOR_DEFINITIONS = (
					"DEBUG=1",
					"$(inherited)",
				);
				GCC_WARN_64_TO_32_BIT_CONVERSION = YES;
				GCC_WARN_ABOUT_RETURN_TYPE = YES_ERROR;
				GCC_WARN_UNDECLARED_SELECTOR = YES;
				GCC_WARN_UNINITIALIZED_AUTOS = YES_AGGRESSIVE;
				GCC_WARN_UNUSED_FUNCTION = YES;
				GCC_WARN_UNUSED_VARIABLE = YES;
				IPHONEOS_DEPLOYMENT_TARGET = 17.0;
				MTL_ENABLE_DEBUG_INFO = INCLUDE_SOURCE;
				MTL_FAST_MATH = YES;
				ONLY_ACTIVE_ARCH = YES;
				SDKROOT = iphoneos;
				SWIFT_ACTIVE_COMPILATION_CONDITIONS = DEBUG;
				SWIFT_OPTIMIZATION_LEVEL = "-Onone";
			};
			name = Debug;
		};
		85DD62FC2A33D43F00A6DA51 /* Release */ = {
			isa = XCBuildConfiguration;
			buildSettings = {
				ALWAYS_SEARCH_USER_PATHS = NO;
				CLANG_ANALYZER_NONNULL = YES;
				CLANG_ANALYZER_NUMBER_OBJECT_CONVERSION = YES_AGGRESSIVE;
				CLANG_CXX_LANGUAGE_STANDARD = "gnu++20";
				CLANG_ENABLE_MODULES = YES;
				CLANG_ENABLE_OBJC_ARC = YES;
				CLANG_ENABLE_OBJC_WEAK = YES;
				CLANG_WARN_BLOCK_CAPTURE_AUTORELEASING = YES;
				CLANG_WARN_BOOL_CONVERSION = YES;
				CLANG_WARN_COMMA = YES;
				CLANG_WARN_CONSTANT_CONVERSION = YES;
				CLANG_WARN_DEPRECATED_OBJC_IMPLEMENTATIONS = YES;
				CLANG_WARN_DIRECT_OBJC_ISA_USAGE = YES_ERROR;
				CLANG_WARN_DOCUMENTATION_COMMENTS = YES;
				CLANG_WARN_EMPTY_BODY = YES;
				CLANG_WARN_ENUM_CONVERSION = YES;
				CLANG_WARN_INFINITE_RECURSION = YES;
				CLANG_WARN_INT_CONVERSION = YES;
				CLANG_WARN_NON_LITERAL_NULL_CONVERSION = YES;
				CLANG_WARN_OBJC_IMPLICIT_RETAIN_SELF = YES;
				CLANG_WARN_OBJC_LITERAL_CONVERSION = YES;
				CLANG_WARN_OBJC_ROOT_CLASS = YES_ERROR;
				CLANG_WARN_QUOTED_INCLUDE_IN_FRAMEWORK_HEADER = YES;
				CLANG_WARN_RANGE_LOOP_ANALYSIS = YES;
				CLANG_WARN_STRICT_PROTOTYPES = YES;
				CLANG_WARN_SUSPICIOUS_MOVE = YES;
				CLANG_WARN_UNGUARDED_AVAILABILITY = YES_AGGRESSIVE;
				CLANG_WARN_UNREACHABLE_CODE = YES;
				CLANG_WARN__DUPLICATE_METHOD_MATCH = YES;
				COPY_PHASE_STRIP = NO;
				DEBUG_INFORMATION_FORMAT = "dwarf-with-dsym";
				ENABLE_NS_ASSERTIONS = NO;
				ENABLE_STRICT_OBJC_MSGSEND = YES;
				GCC_C_LANGUAGE_STANDARD = gnu11;
				GCC_NO_COMMON_BLOCKS = YES;
				GCC_WARN_64_TO_32_BIT_CONVERSION = YES;
				GCC_WARN_ABOUT_RETURN_TYPE = YES_ERROR;
				GCC_WARN_UNDECLARED_SELECTOR = YES;
				GCC_WARN_UNINITIALIZED_AUTOS = YES_AGGRESSIVE;
				GCC_WARN_UNUSED_FUNCTION = YES;
				GCC_WARN_UNUSED_VARIABLE = YES;
				IPHONEOS_DEPLOYMENT_TARGET = 17.0;
				MTL_ENABLE_DEBUG_INFO = NO;
				MTL_FAST_MATH = YES;
				SDKROOT = iphoneos;
				SWIFT_COMPILATION_MODE = wholemodule;
				SWIFT_OPTIMIZATION_LEVEL = "-O";
				VALIDATE_PRODUCT = YES;
			};
			name = Release;
		};
		85DD62FE2A33D43F00A6DA51 /* Debug */ = {
			isa = XCBuildConfiguration;
			buildSettings = {
				ASSETCATALOG_COMPILER_APPICON_NAME = AppIcon;
				ASSETCATALOG_COMPILER_GLOBAL_ACCENT_COLOR_NAME = AccentColor;
				CODE_SIGN_IDENTITY = "Apple Development";
				CODE_SIGN_STYLE = Automatic;
				CURRENT_PROJECT_VERSION = 1;
				DEVELOPMENT_TEAM = 267B76B7ZR;
				GENERATE_INFOPLIST_FILE = YES;
				INFOPLIST_FILE = RussianHearts/Resources/Info.plist;
				INFOPLIST_KEY_UIApplicationSupportsIndirectInputEvents = YES;
				INFOPLIST_KEY_UILaunchStoryboardName = LaunchScreen.storyboard;
				INFOPLIST_KEY_UIMainStoryboardFile = "";
				INFOPLIST_KEY_UIRequiresFullScreen = YES;
				INFOPLIST_KEY_UISupportedInterfaceOrientations_iPad = "UIInterfaceOrientationPortrait UIInterfaceOrientationPortraitUpsideDown UIInterfaceOrientationLandscapeLeft UIInterfaceOrientationLandscapeRight";
				INFOPLIST_KEY_UISupportedInterfaceOrientations_iPhone = "UIInterfaceOrientationPortrait UIInterfaceOrientationLandscapeLeft UIInterfaceOrientationLandscapeRight";
				LD_RUNPATH_SEARCH_PATHS = (
					"$(inherited)",
					"@executable_path/Frameworks",
				);
				MARKETING_VERSION = 0.6;
				PRODUCT_BUNDLE_IDENTIFIER = com.JackFeldman.RussianHearts;
				PRODUCT_NAME = "$(TARGET_NAME)";
				PROVISIONING_PROFILE_SPECIFIER = "";
				SWIFT_EMIT_LOC_STRINGS = YES;
				SWIFT_VERSION = 5.0;
				TARGETED_DEVICE_FAMILY = "1,2";
			};
			name = Debug;
		};
		85DD62FF2A33D43F00A6DA51 /* Release */ = {
			isa = XCBuildConfiguration;
			buildSettings = {
				ASSETCATALOG_COMPILER_APPICON_NAME = AppIcon;
				ASSETCATALOG_COMPILER_GLOBAL_ACCENT_COLOR_NAME = AccentColor;
				CODE_SIGN_IDENTITY = "Apple Development";
				CODE_SIGN_STYLE = Automatic;
				CURRENT_PROJECT_VERSION = 1;
				DEVELOPMENT_TEAM = 267B76B7ZR;
				GENERATE_INFOPLIST_FILE = YES;
				INFOPLIST_FILE = RussianHearts/Resources/Info.plist;
				INFOPLIST_KEY_UIApplicationSupportsIndirectInputEvents = YES;
				INFOPLIST_KEY_UILaunchStoryboardName = LaunchScreen.storyboard;
				INFOPLIST_KEY_UIMainStoryboardFile = "";
				INFOPLIST_KEY_UIRequiresFullScreen = YES;
				INFOPLIST_KEY_UISupportedInterfaceOrientations_iPad = "UIInterfaceOrientationPortrait UIInterfaceOrientationPortraitUpsideDown UIInterfaceOrientationLandscapeLeft UIInterfaceOrientationLandscapeRight";
				INFOPLIST_KEY_UISupportedInterfaceOrientations_iPhone = "UIInterfaceOrientationPortrait UIInterfaceOrientationLandscapeLeft UIInterfaceOrientationLandscapeRight";
				LD_RUNPATH_SEARCH_PATHS = (
					"$(inherited)",
					"@executable_path/Frameworks",
				);
				MARKETING_VERSION = 0.6;
				PRODUCT_BUNDLE_IDENTIFIER = com.JackFeldman.RussianHearts;
				PRODUCT_NAME = "$(TARGET_NAME)";
				PROVISIONING_PROFILE_SPECIFIER = "";
				SWIFT_EMIT_LOC_STRINGS = YES;
				SWIFT_VERSION = 5.0;
				TARGETED_DEVICE_FAMILY = "1,2";
			};
			name = Release;
		};
		85DD63012A33D43F00A6DA51 /* Debug */ = {
			isa = XCBuildConfiguration;
			buildSettings = {
				ALWAYS_EMBED_SWIFT_STANDARD_LIBRARIES = YES;
				BUNDLE_LOADER = "$(TEST_HOST)";
				CODE_SIGN_STYLE = Automatic;
				CURRENT_PROJECT_VERSION = 1;
				DEVELOPMENT_TEAM = YY8J3FPYX8;
				GENERATE_INFOPLIST_FILE = YES;
				IPHONEOS_DEPLOYMENT_TARGET = 16.2;
				MARKETING_VERSION = 1.0;
				PRODUCT_BUNDLE_IDENTIFIER = com.timothyrosenvall.RussianHeartsTests;
				PRODUCT_NAME = "$(TARGET_NAME)";
				SWIFT_EMIT_LOC_STRINGS = NO;
				SWIFT_VERSION = 5.0;
				TARGETED_DEVICE_FAMILY = "1,2";
				TEST_HOST = "$(BUILT_PRODUCTS_DIR)/RussianHearts.app/$(BUNDLE_EXECUTABLE_FOLDER_PATH)/RussianHearts";
			};
			name = Debug;
		};
		85DD63022A33D43F00A6DA51 /* Release */ = {
			isa = XCBuildConfiguration;
			buildSettings = {
				ALWAYS_EMBED_SWIFT_STANDARD_LIBRARIES = YES;
				BUNDLE_LOADER = "$(TEST_HOST)";
				CODE_SIGN_STYLE = Automatic;
				CURRENT_PROJECT_VERSION = 1;
				DEVELOPMENT_TEAM = YY8J3FPYX8;
				GENERATE_INFOPLIST_FILE = YES;
				IPHONEOS_DEPLOYMENT_TARGET = 16.2;
				MARKETING_VERSION = 1.0;
				PRODUCT_BUNDLE_IDENTIFIER = com.timothyrosenvall.RussianHeartsTests;
				PRODUCT_NAME = "$(TARGET_NAME)";
				SWIFT_EMIT_LOC_STRINGS = NO;
				SWIFT_VERSION = 5.0;
				TARGETED_DEVICE_FAMILY = "1,2";
				TEST_HOST = "$(BUILT_PRODUCTS_DIR)/RussianHearts.app/$(BUNDLE_EXECUTABLE_FOLDER_PATH)/RussianHearts";
			};
			name = Release;
		};
		85DD63042A33D43F00A6DA51 /* Debug */ = {
			isa = XCBuildConfiguration;
			buildSettings = {
				ALWAYS_EMBED_SWIFT_STANDARD_LIBRARIES = YES;
				CODE_SIGN_STYLE = Automatic;
				CURRENT_PROJECT_VERSION = 1;
				DEVELOPMENT_TEAM = YY8J3FPYX8;
				GENERATE_INFOPLIST_FILE = YES;
				MARKETING_VERSION = 1.0;
				PRODUCT_BUNDLE_IDENTIFIER = com.timothyrosenvall.RussianHeartsUITests;
				PRODUCT_NAME = "$(TARGET_NAME)";
				SWIFT_EMIT_LOC_STRINGS = NO;
				SWIFT_VERSION = 5.0;
				TARGETED_DEVICE_FAMILY = "1,2";
				TEST_TARGET_NAME = RussianHearts;
			};
			name = Debug;
		};
		85DD63052A33D43F00A6DA51 /* Release */ = {
			isa = XCBuildConfiguration;
			buildSettings = {
				ALWAYS_EMBED_SWIFT_STANDARD_LIBRARIES = YES;
				CODE_SIGN_STYLE = Automatic;
				CURRENT_PROJECT_VERSION = 1;
				DEVELOPMENT_TEAM = YY8J3FPYX8;
				GENERATE_INFOPLIST_FILE = YES;
				MARKETING_VERSION = 1.0;
				PRODUCT_BUNDLE_IDENTIFIER = com.timothyrosenvall.RussianHeartsUITests;
				PRODUCT_NAME = "$(TARGET_NAME)";
				SWIFT_EMIT_LOC_STRINGS = NO;
				SWIFT_VERSION = 5.0;
				TARGETED_DEVICE_FAMILY = "1,2";
				TEST_TARGET_NAME = RussianHearts;
			};
			name = Release;
		};
/* End XCBuildConfiguration section */

/* Begin XCConfigurationList section */
		85DD62CE2A33D42C00A6DA51 /* Build configuration list for PBXProject "RussianHearts" */ = {
			isa = XCConfigurationList;
			buildConfigurations = (
				85DD62FB2A33D43F00A6DA51 /* Debug */,
				85DD62FC2A33D43F00A6DA51 /* Release */,
			);
			defaultConfigurationIsVisible = 0;
			defaultConfigurationName = Release;
		};
		85DD62FD2A33D43F00A6DA51 /* Build configuration list for PBXNativeTarget "RussianHearts" */ = {
			isa = XCConfigurationList;
			buildConfigurations = (
				85DD62FE2A33D43F00A6DA51 /* Debug */,
				85DD62FF2A33D43F00A6DA51 /* Release */,
			);
			defaultConfigurationIsVisible = 0;
			defaultConfigurationName = Release;
		};
		85DD63002A33D43F00A6DA51 /* Build configuration list for PBXNativeTarget "RussianHeartsTests" */ = {
			isa = XCConfigurationList;
			buildConfigurations = (
				85DD63012A33D43F00A6DA51 /* Debug */,
				85DD63022A33D43F00A6DA51 /* Release */,
			);
			defaultConfigurationIsVisible = 0;
			defaultConfigurationName = Release;
		};
		85DD63032A33D43F00A6DA51 /* Build configuration list for PBXNativeTarget "RussianHeartsUITests" */ = {
			isa = XCConfigurationList;
			buildConfigurations = (
				85DD63042A33D43F00A6DA51 /* Debug */,
				85DD63052A33D43F00A6DA51 /* Release */,
			);
			defaultConfigurationIsVisible = 0;
			defaultConfigurationName = Release;
		};
/* End XCConfigurationList section */
	};
	rootObject = 85DD62CB2A33D42C00A6DA51 /* Project object */;
}
